// !$*UTF8*$!
{
	archiveVersion = 1;
	classes = {
	};
	objectVersion = 46;
	objects = {

/* Begin PBXAggregateTarget section */
		D364C0D31FCE545A0032CDB8 /* BuildFramework */ = {
			isa = PBXAggregateTarget;
			buildConfigurationList = D364C0D61FCE545A0032CDB8 /* Build configuration list for PBXAggregateTarget "BuildFramework" */;
			buildPhases = (
				D364C0D71FCE54630032CDB8 /* ShellScript */,
			);
			dependencies = (
			);
			name = BuildFramework;
			productName = BuildFramework;
		};
/* End PBXAggregateTarget section */

/* Begin PBXBuildFile section */
		A6D92ACA1FD511BF00B6E090 /* TravelCardMasonry.m in Sources */ = {isa = PBXBuildFile; fileRef = A6D92AC91FD511BF00B6E090 /* TravelCardMasonry.m */; };
		A6D92AE81FD5121600B6E090 /* MASCompositeConstraint.m in Sources */ = {isa = PBXBuildFile; fileRef = A6D92AD01FD5121600B6E090 /* MASCompositeConstraint.m */; };
		A6D92AE91FD5121600B6E090 /* MASConstraint.m in Sources */ = {isa = PBXBuildFile; fileRef = A6D92AD31FD5121600B6E090 /* MASConstraint.m */; };
		A6D92AEA1FD5121600B6E090 /* MASConstraintMaker.m in Sources */ = {isa = PBXBuildFile; fileRef = A6D92AD51FD5121600B6E090 /* MASConstraintMaker.m */; };
		A6D92AEB1FD5121600B6E090 /* MASLayoutConstraint.m in Sources */ = {isa = PBXBuildFile; fileRef = A6D92AD71FD5121600B6E090 /* MASLayoutConstraint.m */; };
		A6D92AEC1FD5121600B6E090 /* MASViewAttribute.m in Sources */ = {isa = PBXBuildFile; fileRef = A6D92ADB1FD5121600B6E090 /* MASViewAttribute.m */; };
		A6D92AED1FD5121600B6E090 /* MASViewConstraint.m in Sources */ = {isa = PBXBuildFile; fileRef = A6D92ADD1FD5121600B6E090 /* MASViewConstraint.m */; };
		A6D92AEE1FD5121600B6E090 /* NSArray+MASAdditions.m in Sources */ = {isa = PBXBuildFile; fileRef = A6D92ADF1FD5121600B6E090 /* NSArray+MASAdditions.m */; };
		A6D92AEF1FD5121600B6E090 /* NSLayoutConstraint+MASDebugAdditions.m in Sources */ = {isa = PBXBuildFile; fileRef = A6D92AE21FD5121600B6E090 /* NSLayoutConstraint+MASDebugAdditions.m */; };
		A6D92AF01FD5121600B6E090 /* View+MASAdditions.m in Sources */ = {isa = PBXBuildFile; fileRef = A6D92AE41FD5121600B6E090 /* View+MASAdditions.m */; };
		A6D92AF11FD5121600B6E090 /* ViewController+MASAdditions.m in Sources */ = {isa = PBXBuildFile; fileRef = A6D92AE71FD5121600B6E090 /* ViewController+MASAdditions.m */; };
		D33B40BD1FB975C9002312BE /* QuickVFL.framework in Frameworks */ = {isa = PBXBuildFile; fileRef = D33B40BC1FB975C9002312BE /* QuickVFL.framework */; };
		D364C0B71FCCFE690032CDB8 /* TravelCardVFL.m in Sources */ = {isa = PBXBuildFile; fileRef = D364C0B61FCCFE690032CDB8 /* TravelCardVFL.m */; };
		D364C0B81FCCFE690032CDB8 /* TravelCardVFL.m in Sources */ = {isa = PBXBuildFile; fileRef = D364C0B61FCCFE690032CDB8 /* TravelCardVFL.m */; };
		D364C0BA1FCCFE930032CDB8 /* TravelCardVFL.json in Resources */ = {isa = PBXBuildFile; fileRef = D364C0B91FCCFE930032CDB8 /* TravelCardVFL.json */; };
		D364C0BB1FCCFE930032CDB8 /* TravelCardVFL.json in Resources */ = {isa = PBXBuildFile; fileRef = D364C0B91FCCFE930032CDB8 /* TravelCardVFL.json */; };
		D364C0BE1FCD060F0032CDB8 /* PerformanceViewController.m in Sources */ = {isa = PBXBuildFile; fileRef = D364C0BD1FCD060F0032CDB8 /* PerformanceViewController.m */; };
		D364C0BF1FCD060F0032CDB8 /* PerformanceViewController.m in Sources */ = {isa = PBXBuildFile; fileRef = D364C0BD1FCD060F0032CDB8 /* PerformanceViewController.m */; };
		D364C0C11FCD069E0032CDB8 /* PerformanceViewController.json in Resources */ = {isa = PBXBuildFile; fileRef = D364C0C01FCD069E0032CDB8 /* PerformanceViewController.json */; };
		D364C0C21FCD069E0032CDB8 /* PerformanceViewController.json in Resources */ = {isa = PBXBuildFile; fileRef = D364C0C01FCD069E0032CDB8 /* PerformanceViewController.json */; };
		D364C0C51FCD35050032CDB8 /* TravelCardXib.m in Sources */ = {isa = PBXBuildFile; fileRef = D364C0C41FCD35050032CDB8 /* TravelCardXib.m */; };
		D364C0C61FCD35050032CDB8 /* TravelCardXib.m in Sources */ = {isa = PBXBuildFile; fileRef = D364C0C41FCD35050032CDB8 /* TravelCardXib.m */; };
		D364C0C81FCD351E0032CDB8 /* TravelCardXib.xib in Resources */ = {isa = PBXBuildFile; fileRef = D364C0C71FCD351E0032CDB8 /* TravelCardXib.xib */; };
		D364C0C91FCD351E0032CDB8 /* TravelCardXib.xib in Resources */ = {isa = PBXBuildFile; fileRef = D364C0C71FCD351E0032CDB8 /* TravelCardXib.xib */; };
		D364C0CC1FCD67920032CDB8 /* NSLayoutConstraint+vfl.h in Headers */ = {isa = PBXBuildFile; fileRef = D364C0CA1FCD67920032CDB8 /* NSLayoutConstraint+vfl.h */; };
		D364C0CD1FCD67920032CDB8 /* NSLayoutConstraint+vfl.m in Sources */ = {isa = PBXBuildFile; fileRef = D364C0CB1FCD67920032CDB8 /* NSLayoutConstraint+vfl.m */; };
		D364C0DA1FD0F16E0032CDB8 /* QVFLParseResult.h in Headers */ = {isa = PBXBuildFile; fileRef = D364C0D81FD0F16E0032CDB8 /* QVFLParseResult.h */; settings = {ATTRIBUTES = (Public, ); }; };
		D364C0DB1FD0F16E0032CDB8 /* QVFLParseResult.m in Sources */ = {isa = PBXBuildFile; fileRef = D364C0D91FD0F16E0032CDB8 /* QVFLParseResult.m */; };
		D3A676771FB30E8C00745929 /* main.m in Sources */ = {isa = PBXBuildFile; fileRef = D3A676761FB30E8C00745929 /* main.m */; };
		D3A6767A1FB30E8C00745929 /* AppDelegate.m in Sources */ = {isa = PBXBuildFile; fileRef = D3A676791FB30E8C00745929 /* AppDelegate.m */; };
		D3A676821FB30E8C00745929 /* Assets.xcassets in Resources */ = {isa = PBXBuildFile; fileRef = D3A676811FB30E8C00745929 /* Assets.xcassets */; };
		D3A676941FB310CD00745929 /* QuickVFL.h in Headers */ = {isa = PBXBuildFile; fileRef = D3A676931FB310CD00745929 /* QuickVFL.h */; settings = {ATTRIBUTES = (Public, ); }; };
		D3A676981FB310CD00745929 /* QuickVFL.framework in Frameworks */ = {isa = PBXBuildFile; fileRef = D3A676911FB310CD00745929 /* QuickVFL.framework */; };
		D3A676991FB310CE00745929 /* QuickVFL.framework in Embed Frameworks */ = {isa = PBXBuildFile; fileRef = D3A676911FB310CD00745929 /* QuickVFL.framework */; settings = {ATTRIBUTES = (CodeSignOnCopy, RemoveHeadersOnCopy, ); }; };
		D3A676B61FB3113300745929 /* QException.h in Headers */ = {isa = PBXBuildFile; fileRef = D3A6769F1FB3113300745929 /* QException.h */; };
		D3A676B71FB3113300745929 /* QException.m in Sources */ = {isa = PBXBuildFile; fileRef = D3A676A01FB3113300745929 /* QException.m */; };
		D3A676B81FB3113300745929 /* QLayoutException.h in Headers */ = {isa = PBXBuildFile; fileRef = D3A676A11FB3113300745929 /* QLayoutException.h */; };
		D3A676B91FB3113300745929 /* QLayoutException.m in Sources */ = {isa = PBXBuildFile; fileRef = D3A676A21FB3113300745929 /* QLayoutException.m */; };
		D3A676BA1FB3113300745929 /* QParseException.h in Headers */ = {isa = PBXBuildFile; fileRef = D3A676A31FB3113300745929 /* QParseException.h */; };
		D3A676BB1FB3113300745929 /* QParseException.m in Sources */ = {isa = PBXBuildFile; fileRef = D3A676A41FB3113300745929 /* QParseException.m */; };
		D3A676BC1FB3113300745929 /* QLayoutManager.h in Headers */ = {isa = PBXBuildFile; fileRef = D3A676A61FB3113300745929 /* QLayoutManager.h */; settings = {ATTRIBUTES = (Public, ); }; };
		D3A676BD1FB3113300745929 /* QLayoutManager.m in Sources */ = {isa = PBXBuildFile; fileRef = D3A676A71FB3113300745929 /* QLayoutManager.m */; };
		D3A676BE1FB3113300745929 /* QLayoutResult.h in Headers */ = {isa = PBXBuildFile; fileRef = D3A676A81FB3113300745929 /* QLayoutResult.h */; settings = {ATTRIBUTES = (Public, ); }; };
		D3A676BF1FB3113300745929 /* QLayoutResult.m in Sources */ = {isa = PBXBuildFile; fileRef = D3A676A91FB3113300745929 /* QLayoutResult.m */; };
		D3A676C01FB3113300745929 /* QEqualOption.h in Headers */ = {isa = PBXBuildFile; fileRef = D3A676AB1FB3113300745929 /* QEqualOption.h */; };
		D3A676C11FB3113300745929 /* QEqualOption.m in Sources */ = {isa = PBXBuildFile; fileRef = D3A676AC1FB3113300745929 /* QEqualOption.m */; };
		D3A676C21FB3113300745929 /* QStayShapedOption.h in Headers */ = {isa = PBXBuildFile; fileRef = D3A676AD1FB3113300745929 /* QStayShapedOption.h */; };
		D3A676C31FB3113300745929 /* QStayShapedOption.m in Sources */ = {isa = PBXBuildFile; fileRef = D3A676AE1FB3113300745929 /* QStayShapedOption.m */; };
		D3A676C41FB3113300745929 /* QViewProperty.h in Headers */ = {isa = PBXBuildFile; fileRef = D3A676AF1FB3113300745929 /* QViewProperty.h */; };
		D3A676C51FB3113300745929 /* QViewProperty.m in Sources */ = {isa = PBXBuildFile; fileRef = D3A676B01FB3113300745929 /* QViewProperty.m */; };
		D3A676C61FB3113300745929 /* UIScrollView+constraint.h in Headers */ = {isa = PBXBuildFile; fileRef = D3A676B21FB3113300745929 /* UIScrollView+constraint.h */; settings = {ATTRIBUTES = (Public, ); }; };
		D3A676C71FB3113300745929 /* UIScrollView+constraint.m in Sources */ = {isa = PBXBuildFile; fileRef = D3A676B31FB3113300745929 /* UIScrollView+constraint.m */; };
		D3A676C81FB3113300745929 /* UIView+constraint.h in Headers */ = {isa = PBXBuildFile; fileRef = D3A676B41FB3113300745929 /* UIView+constraint.h */; settings = {ATTRIBUTES = (Public, ); }; };
		D3A676C91FB3113300745929 /* UIView+constraint.m in Sources */ = {isa = PBXBuildFile; fileRef = D3A676B51FB3113300745929 /* UIView+constraint.m */; };
		D3A676D41FB312DE00745929 /* VCInformationCell.m in Sources */ = {isa = PBXBuildFile; fileRef = D3A676D31FB312DE00745929 /* VCInformationCell.m */; };
		D3A676D61FB312EF00745929 /* VCInformationCell.json in Resources */ = {isa = PBXBuildFile; fileRef = D3A676D51FB312EF00745929 /* VCInformationCell.json */; };
		D3A676D91FB315AF00745929 /* HomeViewController.m in Sources */ = {isa = PBXBuildFile; fileRef = D3A676D81FB315AF00745929 /* HomeViewController.m */; };
		D3A676DB1FB315DD00745929 /* HomeViewController.json in Resources */ = {isa = PBXBuildFile; fileRef = D3A676DA1FB315DD00745929 /* HomeViewController.json */; };
		D3A676DE1FB33B3C00745929 /* VisibleViewController.m in Sources */ = {isa = PBXBuildFile; fileRef = D3A676DD1FB33B3C00745929 /* VisibleViewController.m */; };
		D3A676E11FB33E4000745929 /* StayShapeViewController.m in Sources */ = {isa = PBXBuildFile; fileRef = D3A676E01FB33E4000745929 /* StayShapeViewController.m */; };
		D3A676E31FB33E6D00745929 /* VisibleViewController.json in Resources */ = {isa = PBXBuildFile; fileRef = D3A676E21FB33E6D00745929 /* VisibleViewController.json */; };
		D3A676E51FB33E7C00745929 /* StayShapeViewController.json in Resources */ = {isa = PBXBuildFile; fileRef = D3A676E41FB33E7C00745929 /* StayShapeViewController.json */; };
		D3A676E81FB4545E00745929 /* RootViewController.m in Sources */ = {isa = PBXBuildFile; fileRef = D3A676E71FB4545E00745929 /* RootViewController.m */; };
		D3A676EC1FB4589900745929 /* image1.jpeg in Resources */ = {isa = PBXBuildFile; fileRef = D3A676EA1FB4589900745929 /* image1.jpeg */; };
		D3A676ED1FB4589900745929 /* image2.jpeg in Resources */ = {isa = PBXBuildFile; fileRef = D3A676EB1FB4589900745929 /* image2.jpeg */; };
		D3A676F01FB4591900745929 /* ScrollViewController.m in Sources */ = {isa = PBXBuildFile; fileRef = D3A676EF1FB4591900745929 /* ScrollViewController.m */; };
		D3A676F21FB4592C00745929 /* ScrollViewController.json in Resources */ = {isa = PBXBuildFile; fileRef = D3A676F11FB4592C00745929 /* ScrollViewController.json */; };
		D3A676F51FB45CA800745929 /* ComplexScrollViewController.m in Sources */ = {isa = PBXBuildFile; fileRef = D3A676F41FB45CA800745929 /* ComplexScrollViewController.m */; };
		D3A676F71FB45CB400745929 /* ComplexScrollViewController.json in Resources */ = {isa = PBXBuildFile; fileRef = D3A676F61FB45CB400745929 /* ComplexScrollViewController.json */; };
		D3A676FF1FB491BE00745929 /* AlignViewController.m in Sources */ = {isa = PBXBuildFile; fileRef = D3A676FE1FB491BE00745929 /* AlignViewController.m */; };
		D3A677011FB491CF00745929 /* AlignViewController.json in Resources */ = {isa = PBXBuildFile; fileRef = D3A677001FB491CF00745929 /* AlignViewController.json */; };
		D3A677041FB49F6E00745929 /* QAlignOption.h in Headers */ = {isa = PBXBuildFile; fileRef = D3A677021FB49F6E00745929 /* QAlignOption.h */; };
		D3A677051FB49F6E00745929 /* QAlignOption.m in Sources */ = {isa = PBXBuildFile; fileRef = D3A677031FB49F6E00745929 /* QAlignOption.m */; };
		D3A677081FB4A07200745929 /* QOption.h in Headers */ = {isa = PBXBuildFile; fileRef = D3A677061FB4A07200745929 /* QOption.h */; };
		D3A677091FB4A07200745929 /* QOption.m in Sources */ = {isa = PBXBuildFile; fileRef = D3A677071FB4A07200745929 /* QOption.m */; };
		D3A6770C1FB57CC700745929 /* NewsACell.m in Sources */ = {isa = PBXBuildFile; fileRef = D3A6770B1FB57CC700745929 /* NewsACell.m */; };
		D3A6770E1FB57D1000745929 /* NewsACell.json in Resources */ = {isa = PBXBuildFile; fileRef = D3A6770D1FB57D1000745929 /* NewsACell.json */; };
		D3A677111FB585F800745929 /* NewsBCell.m in Sources */ = {isa = PBXBuildFile; fileRef = D3A677101FB585F800745929 /* NewsBCell.m */; };
		D3A677131FB5862600745929 /* NewsBCell.json in Resources */ = {isa = PBXBuildFile; fileRef = D3A677121FB5862600745929 /* NewsBCell.json */; };
		D3A677161FB58A6F00745929 /* NewsViewController.m in Sources */ = {isa = PBXBuildFile; fileRef = D3A677151FB58A6F00745929 /* NewsViewController.m */; };
		D3A677181FB58A8000745929 /* NewsViewController.json in Resources */ = {isa = PBXBuildFile; fileRef = D3A677171FB58A8000745929 /* NewsViewController.json */; };
		D3A6771C1FB5A43300745929 /* NewsModel.m in Sources */ = {isa = PBXBuildFile; fileRef = D3A6771B1FB5A43300745929 /* NewsModel.m */; };
		D3A6771F1FB5D06200745929 /* RootTableViewCell.m in Sources */ = {isa = PBXBuildFile; fileRef = D3A6771E1FB5D06200745929 /* RootTableViewCell.m */; };
		D3A677211FB6DE1B00745929 /* RootTableViewCell.json in Resources */ = {isa = PBXBuildFile; fileRef = D3A677201FB6DE1B00745929 /* RootTableViewCell.json */; };
		D3A677271FB74D6B00745929 /* PortraitView.m in Sources */ = {isa = PBXBuildFile; fileRef = D3A677261FB74D6B00745929 /* PortraitView.m */; };
		D3A677291FB74D7C00745929 /* PortraitView.json in Resources */ = {isa = PBXBuildFile; fileRef = D3A677281FB74D7C00745929 /* PortraitView.json */; };
		D3A6772C1FB74F7500745929 /* CustomizedViewController.m in Sources */ = {isa = PBXBuildFile; fileRef = D3A6772B1FB74F7500745929 /* CustomizedViewController.m */; };
		D3A6772E1FB74F8600745929 /* CustomizedViewController.json in Resources */ = {isa = PBXBuildFile; fileRef = D3A6772D1FB74F8600745929 /* CustomizedViewController.json */; };
		D3A677311FB7D90B00745929 /* EqualViewController.m in Sources */ = {isa = PBXBuildFile; fileRef = D3A677301FB7D90B00745929 /* EqualViewController.m */; };
		D3A677331FB7D91D00745929 /* EqualViewController.json in Resources */ = {isa = PBXBuildFile; fileRef = D3A677321FB7D91D00745929 /* EqualViewController.json */; };
		D3A6773C1FB8335300745929 /* main.m in Sources */ = {isa = PBXBuildFile; fileRef = D3A6773B1FB8335300745929 /* main.m */; };
		D3A6773F1FB8335300745929 /* AppDelegate.m in Sources */ = {isa = PBXBuildFile; fileRef = D3A6773E1FB8335300745929 /* AppDelegate.m */; };
		D3A677471FB8335300745929 /* Assets.xcassets in Resources */ = {isa = PBXBuildFile; fileRef = D3A677461FB8335300745929 /* Assets.xcassets */; };
		D3A677561FB8388A00745929 /* NewsModel.m in Sources */ = {isa = PBXBuildFile; fileRef = D3A6771B1FB5A43300745929 /* NewsModel.m */; };
		D3A677571FB838B000745929 /* AlignViewController.json in Resources */ = {isa = PBXBuildFile; fileRef = D3A677001FB491CF00745929 /* AlignViewController.json */; };
		D3A677581FB838B000745929 /* AlignViewController.m in Sources */ = {isa = PBXBuildFile; fileRef = D3A676FE1FB491BE00745929 /* AlignViewController.m */; };
		D3A677591FB838B000745929 /* ComplexScrollViewController.json in Resources */ = {isa = PBXBuildFile; fileRef = D3A676F61FB45CB400745929 /* ComplexScrollViewController.json */; };
		D3A6775A1FB838B000745929 /* ComplexScrollViewController.m in Sources */ = {isa = PBXBuildFile; fileRef = D3A676F41FB45CA800745929 /* ComplexScrollViewController.m */; };
		D3A6775B1FB838B000745929 /* HomeViewController.json in Resources */ = {isa = PBXBuildFile; fileRef = D3A676DA1FB315DD00745929 /* HomeViewController.json */; };
		D3A6775C1FB838B000745929 /* HomeViewController.m in Sources */ = {isa = PBXBuildFile; fileRef = D3A676D81FB315AF00745929 /* HomeViewController.m */; };
		D3A6775D1FB838B000745929 /* NewsViewController.json in Resources */ = {isa = PBXBuildFile; fileRef = D3A677171FB58A8000745929 /* NewsViewController.json */; };
		D3A6775E1FB838B000745929 /* NewsViewController.m in Sources */ = {isa = PBXBuildFile; fileRef = D3A677151FB58A6F00745929 /* NewsViewController.m */; };
		D3A6775F1FB838B000745929 /* RootViewController.m in Sources */ = {isa = PBXBuildFile; fileRef = D3A676E71FB4545E00745929 /* RootViewController.m */; };
		D3A677601FB838B000745929 /* ScrollViewController.json in Resources */ = {isa = PBXBuildFile; fileRef = D3A676F11FB4592C00745929 /* ScrollViewController.json */; };
		D3A677611FB838B000745929 /* ScrollViewController.m in Sources */ = {isa = PBXBuildFile; fileRef = D3A676EF1FB4591900745929 /* ScrollViewController.m */; };
		D3A677621FB838B000745929 /* StayShapeViewController.json in Resources */ = {isa = PBXBuildFile; fileRef = D3A676E41FB33E7C00745929 /* StayShapeViewController.json */; };
		D3A677631FB838B000745929 /* StayShapeViewController.m in Sources */ = {isa = PBXBuildFile; fileRef = D3A676E01FB33E4000745929 /* StayShapeViewController.m */; };
		D3A677641FB838B000745929 /* VisibleViewController.json in Resources */ = {isa = PBXBuildFile; fileRef = D3A676E21FB33E6D00745929 /* VisibleViewController.json */; };
		D3A677651FB838B000745929 /* VisibleViewController.m in Sources */ = {isa = PBXBuildFile; fileRef = D3A676DD1FB33B3C00745929 /* VisibleViewController.m */; };
		D3A677661FB838B000745929 /* CustomizedViewController.m in Sources */ = {isa = PBXBuildFile; fileRef = D3A6772B1FB74F7500745929 /* CustomizedViewController.m */; };
		D3A677671FB838B000745929 /* CustomizedViewController.json in Resources */ = {isa = PBXBuildFile; fileRef = D3A6772D1FB74F8600745929 /* CustomizedViewController.json */; };
		D3A677681FB838B000745929 /* EqualViewController.m in Sources */ = {isa = PBXBuildFile; fileRef = D3A677301FB7D90B00745929 /* EqualViewController.m */; };
		D3A677691FB838B000745929 /* EqualViewController.json in Resources */ = {isa = PBXBuildFile; fileRef = D3A677321FB7D91D00745929 /* EqualViewController.json */; };
		D3A6776A1FB838B700745929 /* image1.jpeg in Resources */ = {isa = PBXBuildFile; fileRef = D3A676EA1FB4589900745929 /* image1.jpeg */; };
		D3A6776B1FB838BA00745929 /* image2.jpeg in Resources */ = {isa = PBXBuildFile; fileRef = D3A676EB1FB4589900745929 /* image2.jpeg */; };
		D3A6776C1FB838CC00745929 /* NewsACell.json in Resources */ = {isa = PBXBuildFile; fileRef = D3A6770D1FB57D1000745929 /* NewsACell.json */; };
		D3A6776D1FB838CC00745929 /* NewsACell.m in Sources */ = {isa = PBXBuildFile; fileRef = D3A6770B1FB57CC700745929 /* NewsACell.m */; };
		D3A6776E1FB838CC00745929 /* NewsBCell.json in Resources */ = {isa = PBXBuildFile; fileRef = D3A677121FB5862600745929 /* NewsBCell.json */; };
		D3A6776F1FB838CC00745929 /* NewsBCell.m in Sources */ = {isa = PBXBuildFile; fileRef = D3A677101FB585F800745929 /* NewsBCell.m */; };
		D3A677701FB838CC00745929 /* VCInformationCell.json in Resources */ = {isa = PBXBuildFile; fileRef = D3A676D51FB312EF00745929 /* VCInformationCell.json */; };
		D3A677711FB838CC00745929 /* VCInformationCell.m in Sources */ = {isa = PBXBuildFile; fileRef = D3A676D31FB312DE00745929 /* VCInformationCell.m */; };
		D3A677721FB838CC00745929 /* RootTableViewCell.m in Sources */ = {isa = PBXBuildFile; fileRef = D3A6771E1FB5D06200745929 /* RootTableViewCell.m */; };
		D3A677731FB838CC00745929 /* RootTableViewCell.json in Resources */ = {isa = PBXBuildFile; fileRef = D3A677201FB6DE1B00745929 /* RootTableViewCell.json */; };
		D3A677741FB838CC00745929 /* PortraitView.m in Sources */ = {isa = PBXBuildFile; fileRef = D3A677261FB74D6B00745929 /* PortraitView.m */; };
		D3A677751FB838CC00745929 /* PortraitView.json in Resources */ = {isa = PBXBuildFile; fileRef = D3A677281FB74D7C00745929 /* PortraitView.json */; };
		D3FB23D31FBC1EAC007C1870 /* QAutoConfig.h in Headers */ = {isa = PBXBuildFile; fileRef = D3FB23D11FBC1EAC007C1870 /* QAutoConfig.h */; };
		D3FB23D41FBC1EAC007C1870 /* QAutoConfig.m in Sources */ = {isa = PBXBuildFile; fileRef = D3FB23D21FBC1EAC007C1870 /* QAutoConfig.m */; };
/* End PBXBuildFile section */

/* Begin PBXContainerItemProxy section */
		D3A676961FB310CD00745929 /* PBXContainerItemProxy */ = {
			isa = PBXContainerItemProxy;
			containerPortal = D3A6766A1FB30E8B00745929 /* Project object */;
			proxyType = 1;
			remoteGlobalIDString = D3A676901FB310CD00745929;
			remoteInfo = QuickVFL;
		};
/* End PBXContainerItemProxy section */

/* Begin PBXCopyFilesBuildPhase section */
		D3A6769D1FB310CE00745929 /* Embed Frameworks */ = {
			isa = PBXCopyFilesBuildPhase;
			buildActionMask = 2147483647;
			dstPath = "";
			dstSubfolderSpec = 10;
			files = (
				D3A676991FB310CE00745929 /* QuickVFL.framework in Embed Frameworks */,
			);
			name = "Embed Frameworks";
			runOnlyForDeploymentPostprocessing = 0;
		};
/* End PBXCopyFilesBuildPhase section */

/* Begin PBXFileReference section */
		A6D92AC81FD511BF00B6E090 /* TravelCardMasonry.h */ = {isa = PBXFileReference; fileEncoding = 4; lastKnownFileType = sourcecode.c.h; path = TravelCardMasonry.h; sourceTree = "<group>"; };
		A6D92AC91FD511BF00B6E090 /* TravelCardMasonry.m */ = {isa = PBXFileReference; fileEncoding = 4; lastKnownFileType = sourcecode.c.objc; path = TravelCardMasonry.m; sourceTree = "<group>"; };
		A6D92ACF1FD5121600B6E090 /* MASCompositeConstraint.h */ = {isa = PBXFileReference; fileEncoding = 4; lastKnownFileType = sourcecode.c.h; path = MASCompositeConstraint.h; sourceTree = "<group>"; };
		A6D92AD01FD5121600B6E090 /* MASCompositeConstraint.m */ = {isa = PBXFileReference; fileEncoding = 4; lastKnownFileType = sourcecode.c.objc; path = MASCompositeConstraint.m; sourceTree = "<group>"; };
		A6D92AD11FD5121600B6E090 /* MASConstraint+Private.h */ = {isa = PBXFileReference; fileEncoding = 4; lastKnownFileType = sourcecode.c.h; path = "MASConstraint+Private.h"; sourceTree = "<group>"; };
		A6D92AD21FD5121600B6E090 /* MASConstraint.h */ = {isa = PBXFileReference; fileEncoding = 4; lastKnownFileType = sourcecode.c.h; path = MASConstraint.h; sourceTree = "<group>"; };
		A6D92AD31FD5121600B6E090 /* MASConstraint.m */ = {isa = PBXFileReference; fileEncoding = 4; lastKnownFileType = sourcecode.c.objc; path = MASConstraint.m; sourceTree = "<group>"; };
		A6D92AD41FD5121600B6E090 /* MASConstraintMaker.h */ = {isa = PBXFileReference; fileEncoding = 4; lastKnownFileType = sourcecode.c.h; path = MASConstraintMaker.h; sourceTree = "<group>"; };
		A6D92AD51FD5121600B6E090 /* MASConstraintMaker.m */ = {isa = PBXFileReference; fileEncoding = 4; lastKnownFileType = sourcecode.c.objc; path = MASConstraintMaker.m; sourceTree = "<group>"; };
		A6D92AD61FD5121600B6E090 /* MASLayoutConstraint.h */ = {isa = PBXFileReference; fileEncoding = 4; lastKnownFileType = sourcecode.c.h; path = MASLayoutConstraint.h; sourceTree = "<group>"; };
		A6D92AD71FD5121600B6E090 /* MASLayoutConstraint.m */ = {isa = PBXFileReference; fileEncoding = 4; lastKnownFileType = sourcecode.c.objc; path = MASLayoutConstraint.m; sourceTree = "<group>"; };
		A6D92AD81FD5121600B6E090 /* Masonry.h */ = {isa = PBXFileReference; fileEncoding = 4; lastKnownFileType = sourcecode.c.h; path = Masonry.h; sourceTree = "<group>"; };
		A6D92AD91FD5121600B6E090 /* MASUtilities.h */ = {isa = PBXFileReference; fileEncoding = 4; lastKnownFileType = sourcecode.c.h; path = MASUtilities.h; sourceTree = "<group>"; };
		A6D92ADA1FD5121600B6E090 /* MASViewAttribute.h */ = {isa = PBXFileReference; fileEncoding = 4; lastKnownFileType = sourcecode.c.h; path = MASViewAttribute.h; sourceTree = "<group>"; };
		A6D92ADB1FD5121600B6E090 /* MASViewAttribute.m */ = {isa = PBXFileReference; fileEncoding = 4; lastKnownFileType = sourcecode.c.objc; path = MASViewAttribute.m; sourceTree = "<group>"; };
		A6D92ADC1FD5121600B6E090 /* MASViewConstraint.h */ = {isa = PBXFileReference; fileEncoding = 4; lastKnownFileType = sourcecode.c.h; path = MASViewConstraint.h; sourceTree = "<group>"; };
		A6D92ADD1FD5121600B6E090 /* MASViewConstraint.m */ = {isa = PBXFileReference; fileEncoding = 4; lastKnownFileType = sourcecode.c.objc; path = MASViewConstraint.m; sourceTree = "<group>"; };
		A6D92ADE1FD5121600B6E090 /* NSArray+MASAdditions.h */ = {isa = PBXFileReference; fileEncoding = 4; lastKnownFileType = sourcecode.c.h; path = "NSArray+MASAdditions.h"; sourceTree = "<group>"; };
		A6D92ADF1FD5121600B6E090 /* NSArray+MASAdditions.m */ = {isa = PBXFileReference; fileEncoding = 4; lastKnownFileType = sourcecode.c.objc; path = "NSArray+MASAdditions.m"; sourceTree = "<group>"; };
		A6D92AE01FD5121600B6E090 /* NSArray+MASShorthandAdditions.h */ = {isa = PBXFileReference; fileEncoding = 4; lastKnownFileType = sourcecode.c.h; path = "NSArray+MASShorthandAdditions.h"; sourceTree = "<group>"; };
		A6D92AE11FD5121600B6E090 /* NSLayoutConstraint+MASDebugAdditions.h */ = {isa = PBXFileReference; fileEncoding = 4; lastKnownFileType = sourcecode.c.h; path = "NSLayoutConstraint+MASDebugAdditions.h"; sourceTree = "<group>"; };
		A6D92AE21FD5121600B6E090 /* NSLayoutConstraint+MASDebugAdditions.m */ = {isa = PBXFileReference; fileEncoding = 4; lastKnownFileType = sourcecode.c.objc; path = "NSLayoutConstraint+MASDebugAdditions.m"; sourceTree = "<group>"; };
		A6D92AE31FD5121600B6E090 /* View+MASAdditions.h */ = {isa = PBXFileReference; fileEncoding = 4; lastKnownFileType = sourcecode.c.h; path = "View+MASAdditions.h"; sourceTree = "<group>"; };
		A6D92AE41FD5121600B6E090 /* View+MASAdditions.m */ = {isa = PBXFileReference; fileEncoding = 4; lastKnownFileType = sourcecode.c.objc; path = "View+MASAdditions.m"; sourceTree = "<group>"; };
		A6D92AE51FD5121600B6E090 /* View+MASShorthandAdditions.h */ = {isa = PBXFileReference; fileEncoding = 4; lastKnownFileType = sourcecode.c.h; path = "View+MASShorthandAdditions.h"; sourceTree = "<group>"; };
		A6D92AE61FD5121600B6E090 /* ViewController+MASAdditions.h */ = {isa = PBXFileReference; fileEncoding = 4; lastKnownFileType = sourcecode.c.h; path = "ViewController+MASAdditions.h"; sourceTree = "<group>"; };
		A6D92AE71FD5121600B6E090 /* ViewController+MASAdditions.m */ = {isa = PBXFileReference; fileEncoding = 4; lastKnownFileType = sourcecode.c.objc; path = "ViewController+MASAdditions.m"; sourceTree = "<group>"; };
		D33B40BC1FB975C9002312BE /* QuickVFL.framework */ = {isa = PBXFileReference; lastKnownFileType = wrapper.framework; path = QuickVFL.framework; sourceTree = "<group>"; };
		D364C0B51FCCFE690032CDB8 /* TravelCardVFL.h */ = {isa = PBXFileReference; fileEncoding = 4; lastKnownFileType = sourcecode.c.h; path = TravelCardVFL.h; sourceTree = "<group>"; };
		D364C0B61FCCFE690032CDB8 /* TravelCardVFL.m */ = {isa = PBXFileReference; fileEncoding = 4; lastKnownFileType = sourcecode.c.objc; path = TravelCardVFL.m; sourceTree = "<group>"; };
		D364C0B91FCCFE930032CDB8 /* TravelCardVFL.json */ = {isa = PBXFileReference; fileEncoding = 4; lastKnownFileType = text.json; path = TravelCardVFL.json; sourceTree = "<group>"; };
		D364C0BC1FCD060F0032CDB8 /* PerformanceViewController.h */ = {isa = PBXFileReference; fileEncoding = 4; lastKnownFileType = sourcecode.c.h; path = PerformanceViewController.h; sourceTree = "<group>"; };
		D364C0BD1FCD060F0032CDB8 /* PerformanceViewController.m */ = {isa = PBXFileReference; fileEncoding = 4; lastKnownFileType = sourcecode.c.objc; path = PerformanceViewController.m; sourceTree = "<group>"; };
		D364C0C01FCD069E0032CDB8 /* PerformanceViewController.json */ = {isa = PBXFileReference; fileEncoding = 4; lastKnownFileType = text.json; path = PerformanceViewController.json; sourceTree = "<group>"; };
		D364C0C31FCD35050032CDB8 /* TravelCardXib.h */ = {isa = PBXFileReference; fileEncoding = 4; lastKnownFileType = sourcecode.c.h; path = TravelCardXib.h; sourceTree = "<group>"; };
		D364C0C41FCD35050032CDB8 /* TravelCardXib.m */ = {isa = PBXFileReference; fileEncoding = 4; lastKnownFileType = sourcecode.c.objc; path = TravelCardXib.m; sourceTree = "<group>"; };
		D364C0C71FCD351E0032CDB8 /* TravelCardXib.xib */ = {isa = PBXFileReference; fileEncoding = 4; lastKnownFileType = file.xib; path = TravelCardXib.xib; sourceTree = "<group>"; };
		D364C0CA1FCD67920032CDB8 /* NSLayoutConstraint+vfl.h */ = {isa = PBXFileReference; fileEncoding = 4; lastKnownFileType = sourcecode.c.h; path = "NSLayoutConstraint+vfl.h"; sourceTree = "<group>"; };
		D364C0CB1FCD67920032CDB8 /* NSLayoutConstraint+vfl.m */ = {isa = PBXFileReference; fileEncoding = 4; lastKnownFileType = sourcecode.c.objc; path = "NSLayoutConstraint+vfl.m"; sourceTree = "<group>"; };
		D364C0D81FD0F16E0032CDB8 /* QVFLParseResult.h */ = {isa = PBXFileReference; fileEncoding = 4; lastKnownFileType = sourcecode.c.h; path = QVFLParseResult.h; sourceTree = "<group>"; };
		D364C0D91FD0F16E0032CDB8 /* QVFLParseResult.m */ = {isa = PBXFileReference; fileEncoding = 4; lastKnownFileType = sourcecode.c.objc; path = QVFLParseResult.m; sourceTree = "<group>"; };
		D3A676721FB30E8B00745929 /* QuickVFL2.app */ = {isa = PBXFileReference; explicitFileType = wrapper.application; includeInIndex = 0; path = QuickVFL2.app; sourceTree = BUILT_PRODUCTS_DIR; };
		D3A676761FB30E8C00745929 /* main.m */ = {isa = PBXFileReference; lastKnownFileType = sourcecode.c.objc; path = main.m; sourceTree = "<group>"; };
		D3A676781FB30E8C00745929 /* AppDelegate.h */ = {isa = PBXFileReference; lastKnownFileType = sourcecode.c.h; path = AppDelegate.h; sourceTree = "<group>"; };
		D3A676791FB30E8C00745929 /* AppDelegate.m */ = {isa = PBXFileReference; lastKnownFileType = sourcecode.c.objc; path = AppDelegate.m; sourceTree = "<group>"; };
		D3A676811FB30E8C00745929 /* Assets.xcassets */ = {isa = PBXFileReference; lastKnownFileType = folder.assetcatalog; path = Assets.xcassets; sourceTree = "<group>"; };
		D3A676861FB30E8C00745929 /* Info.plist */ = {isa = PBXFileReference; lastKnownFileType = text.plist.xml; path = Info.plist; sourceTree = "<group>"; };
		D3A676911FB310CD00745929 /* QuickVFL.framework */ = {isa = PBXFileReference; explicitFileType = wrapper.framework; includeInIndex = 0; path = QuickVFL.framework; sourceTree = BUILT_PRODUCTS_DIR; };
		D3A676931FB310CD00745929 /* QuickVFL.h */ = {isa = PBXFileReference; lastKnownFileType = sourcecode.c.h; path = QuickVFL.h; sourceTree = "<group>"; };
		D3A676951FB310CD00745929 /* Info.plist */ = {isa = PBXFileReference; lastKnownFileType = text.plist.xml; path = Info.plist; sourceTree = "<group>"; };
		D3A6769F1FB3113300745929 /* QException.h */ = {isa = PBXFileReference; fileEncoding = 4; lastKnownFileType = sourcecode.c.h; path = QException.h; sourceTree = "<group>"; };
		D3A676A01FB3113300745929 /* QException.m */ = {isa = PBXFileReference; fileEncoding = 4; lastKnownFileType = sourcecode.c.objc; path = QException.m; sourceTree = "<group>"; };
		D3A676A11FB3113300745929 /* QLayoutException.h */ = {isa = PBXFileReference; fileEncoding = 4; lastKnownFileType = sourcecode.c.h; path = QLayoutException.h; sourceTree = "<group>"; };
		D3A676A21FB3113300745929 /* QLayoutException.m */ = {isa = PBXFileReference; fileEncoding = 4; lastKnownFileType = sourcecode.c.objc; path = QLayoutException.m; sourceTree = "<group>"; };
		D3A676A31FB3113300745929 /* QParseException.h */ = {isa = PBXFileReference; fileEncoding = 4; lastKnownFileType = sourcecode.c.h; path = QParseException.h; sourceTree = "<group>"; };
		D3A676A41FB3113300745929 /* QParseException.m */ = {isa = PBXFileReference; fileEncoding = 4; lastKnownFileType = sourcecode.c.objc; path = QParseException.m; sourceTree = "<group>"; };
		D3A676A61FB3113300745929 /* QLayoutManager.h */ = {isa = PBXFileReference; fileEncoding = 4; lastKnownFileType = sourcecode.c.h; path = QLayoutManager.h; sourceTree = "<group>"; };
		D3A676A71FB3113300745929 /* QLayoutManager.m */ = {isa = PBXFileReference; fileEncoding = 4; lastKnownFileType = sourcecode.c.objc; path = QLayoutManager.m; sourceTree = "<group>"; };
		D3A676A81FB3113300745929 /* QLayoutResult.h */ = {isa = PBXFileReference; fileEncoding = 4; lastKnownFileType = sourcecode.c.h; path = QLayoutResult.h; sourceTree = "<group>"; };
		D3A676A91FB3113300745929 /* QLayoutResult.m */ = {isa = PBXFileReference; fileEncoding = 4; lastKnownFileType = sourcecode.c.objc; path = QLayoutResult.m; sourceTree = "<group>"; };
		D3A676AB1FB3113300745929 /* QEqualOption.h */ = {isa = PBXFileReference; fileEncoding = 4; lastKnownFileType = sourcecode.c.h; path = QEqualOption.h; sourceTree = "<group>"; };
		D3A676AC1FB3113300745929 /* QEqualOption.m */ = {isa = PBXFileReference; fileEncoding = 4; lastKnownFileType = sourcecode.c.objc; path = QEqualOption.m; sourceTree = "<group>"; };
		D3A676AD1FB3113300745929 /* QStayShapedOption.h */ = {isa = PBXFileReference; fileEncoding = 4; lastKnownFileType = sourcecode.c.h; path = QStayShapedOption.h; sourceTree = "<group>"; };
		D3A676AE1FB3113300745929 /* QStayShapedOption.m */ = {isa = PBXFileReference; fileEncoding = 4; lastKnownFileType = sourcecode.c.objc; path = QStayShapedOption.m; sourceTree = "<group>"; };
		D3A676AF1FB3113300745929 /* QViewProperty.h */ = {isa = PBXFileReference; fileEncoding = 4; lastKnownFileType = sourcecode.c.h; path = QViewProperty.h; sourceTree = "<group>"; };
		D3A676B01FB3113300745929 /* QViewProperty.m */ = {isa = PBXFileReference; fileEncoding = 4; lastKnownFileType = sourcecode.c.objc; path = QViewProperty.m; sourceTree = "<group>"; };
		D3A676B21FB3113300745929 /* UIScrollView+constraint.h */ = {isa = PBXFileReference; fileEncoding = 4; lastKnownFileType = sourcecode.c.h; path = "UIScrollView+constraint.h"; sourceTree = "<group>"; };
		D3A676B31FB3113300745929 /* UIScrollView+constraint.m */ = {isa = PBXFileReference; fileEncoding = 4; lastKnownFileType = sourcecode.c.objc; path = "UIScrollView+constraint.m"; sourceTree = "<group>"; };
		D3A676B41FB3113300745929 /* UIView+constraint.h */ = {isa = PBXFileReference; fileEncoding = 4; lastKnownFileType = sourcecode.c.h; path = "UIView+constraint.h"; sourceTree = "<group>"; };
		D3A676B51FB3113300745929 /* UIView+constraint.m */ = {isa = PBXFileReference; fileEncoding = 4; lastKnownFileType = sourcecode.c.objc; path = "UIView+constraint.m"; sourceTree = "<group>"; };
		D3A676D21FB312DE00745929 /* VCInformationCell.h */ = {isa = PBXFileReference; fileEncoding = 4; lastKnownFileType = sourcecode.c.h; path = VCInformationCell.h; sourceTree = "<group>"; };
		D3A676D31FB312DE00745929 /* VCInformationCell.m */ = {isa = PBXFileReference; fileEncoding = 4; lastKnownFileType = sourcecode.c.objc; path = VCInformationCell.m; sourceTree = "<group>"; };
		D3A676D51FB312EF00745929 /* VCInformationCell.json */ = {isa = PBXFileReference; fileEncoding = 4; lastKnownFileType = text.json; path = VCInformationCell.json; sourceTree = "<group>"; };
		D3A676D71FB315AF00745929 /* HomeViewController.h */ = {isa = PBXFileReference; fileEncoding = 4; lastKnownFileType = sourcecode.c.h; path = HomeViewController.h; sourceTree = "<group>"; };
		D3A676D81FB315AF00745929 /* HomeViewController.m */ = {isa = PBXFileReference; fileEncoding = 4; lastKnownFileType = sourcecode.c.objc; path = HomeViewController.m; sourceTree = "<group>"; };
		D3A676DA1FB315DD00745929 /* HomeViewController.json */ = {isa = PBXFileReference; fileEncoding = 4; lastKnownFileType = text.json; path = HomeViewController.json; sourceTree = "<group>"; };
		D3A676DC1FB33B3C00745929 /* VisibleViewController.h */ = {isa = PBXFileReference; fileEncoding = 4; lastKnownFileType = sourcecode.c.h; path = VisibleViewController.h; sourceTree = "<group>"; };
		D3A676DD1FB33B3C00745929 /* VisibleViewController.m */ = {isa = PBXFileReference; fileEncoding = 4; lastKnownFileType = sourcecode.c.objc; path = VisibleViewController.m; sourceTree = "<group>"; };
		D3A676DF1FB33E4000745929 /* StayShapeViewController.h */ = {isa = PBXFileReference; fileEncoding = 4; lastKnownFileType = sourcecode.c.h; path = StayShapeViewController.h; sourceTree = "<group>"; };
		D3A676E01FB33E4000745929 /* StayShapeViewController.m */ = {isa = PBXFileReference; fileEncoding = 4; lastKnownFileType = sourcecode.c.objc; path = StayShapeViewController.m; sourceTree = "<group>"; };
		D3A676E21FB33E6D00745929 /* VisibleViewController.json */ = {isa = PBXFileReference; fileEncoding = 4; lastKnownFileType = text.json; path = VisibleViewController.json; sourceTree = "<group>"; };
		D3A676E41FB33E7C00745929 /* StayShapeViewController.json */ = {isa = PBXFileReference; fileEncoding = 4; lastKnownFileType = text.json; path = StayShapeViewController.json; sourceTree = "<group>"; };
		D3A676E61FB4545E00745929 /* RootViewController.h */ = {isa = PBXFileReference; fileEncoding = 4; lastKnownFileType = sourcecode.c.h; path = RootViewController.h; sourceTree = "<group>"; };
		D3A676E71FB4545E00745929 /* RootViewController.m */ = {isa = PBXFileReference; fileEncoding = 4; lastKnownFileType = sourcecode.c.objc; path = RootViewController.m; sourceTree = "<group>"; };
		D3A676EA1FB4589900745929 /* image1.jpeg */ = {isa = PBXFileReference; lastKnownFileType = image.jpeg; path = image1.jpeg; sourceTree = "<group>"; };
		D3A676EB1FB4589900745929 /* image2.jpeg */ = {isa = PBXFileReference; lastKnownFileType = image.jpeg; path = image2.jpeg; sourceTree = "<group>"; };
		D3A676EE1FB4591900745929 /* ScrollViewController.h */ = {isa = PBXFileReference; fileEncoding = 4; lastKnownFileType = sourcecode.c.h; path = ScrollViewController.h; sourceTree = "<group>"; };
		D3A676EF1FB4591900745929 /* ScrollViewController.m */ = {isa = PBXFileReference; fileEncoding = 4; lastKnownFileType = sourcecode.c.objc; path = ScrollViewController.m; sourceTree = "<group>"; };
		D3A676F11FB4592C00745929 /* ScrollViewController.json */ = {isa = PBXFileReference; fileEncoding = 4; lastKnownFileType = text.json; path = ScrollViewController.json; sourceTree = "<group>"; };
		D3A676F31FB45CA800745929 /* ComplexScrollViewController.h */ = {isa = PBXFileReference; fileEncoding = 4; lastKnownFileType = sourcecode.c.h; path = ComplexScrollViewController.h; sourceTree = "<group>"; };
		D3A676F41FB45CA800745929 /* ComplexScrollViewController.m */ = {isa = PBXFileReference; fileEncoding = 4; lastKnownFileType = sourcecode.c.objc; path = ComplexScrollViewController.m; sourceTree = "<group>"; };
		D3A676F61FB45CB400745929 /* ComplexScrollViewController.json */ = {isa = PBXFileReference; fileEncoding = 4; lastKnownFileType = text.json; path = ComplexScrollViewController.json; sourceTree = "<group>"; };
		D3A676FD1FB491BE00745929 /* AlignViewController.h */ = {isa = PBXFileReference; fileEncoding = 4; lastKnownFileType = sourcecode.c.h; path = AlignViewController.h; sourceTree = "<group>"; };
		D3A676FE1FB491BE00745929 /* AlignViewController.m */ = {isa = PBXFileReference; fileEncoding = 4; lastKnownFileType = sourcecode.c.objc; path = AlignViewController.m; sourceTree = "<group>"; };
		D3A677001FB491CF00745929 /* AlignViewController.json */ = {isa = PBXFileReference; fileEncoding = 4; lastKnownFileType = text.json; path = AlignViewController.json; sourceTree = "<group>"; };
		D3A677021FB49F6E00745929 /* QAlignOption.h */ = {isa = PBXFileReference; fileEncoding = 4; lastKnownFileType = sourcecode.c.h; path = QAlignOption.h; sourceTree = "<group>"; };
		D3A677031FB49F6E00745929 /* QAlignOption.m */ = {isa = PBXFileReference; fileEncoding = 4; lastKnownFileType = sourcecode.c.objc; path = QAlignOption.m; sourceTree = "<group>"; };
		D3A677061FB4A07200745929 /* QOption.h */ = {isa = PBXFileReference; fileEncoding = 4; lastKnownFileType = sourcecode.c.h; path = QOption.h; sourceTree = "<group>"; };
		D3A677071FB4A07200745929 /* QOption.m */ = {isa = PBXFileReference; fileEncoding = 4; lastKnownFileType = sourcecode.c.objc; path = QOption.m; sourceTree = "<group>"; };
		D3A6770A1FB57CC700745929 /* NewsACell.h */ = {isa = PBXFileReference; fileEncoding = 4; lastKnownFileType = sourcecode.c.h; path = NewsACell.h; sourceTree = "<group>"; };
		D3A6770B1FB57CC700745929 /* NewsACell.m */ = {isa = PBXFileReference; fileEncoding = 4; lastKnownFileType = sourcecode.c.objc; path = NewsACell.m; sourceTree = "<group>"; };
		D3A6770D1FB57D1000745929 /* NewsACell.json */ = {isa = PBXFileReference; fileEncoding = 4; lastKnownFileType = text.json; path = NewsACell.json; sourceTree = "<group>"; };
		D3A6770F1FB585F800745929 /* NewsBCell.h */ = {isa = PBXFileReference; fileEncoding = 4; lastKnownFileType = sourcecode.c.h; path = NewsBCell.h; sourceTree = "<group>"; };
		D3A677101FB585F800745929 /* NewsBCell.m */ = {isa = PBXFileReference; fileEncoding = 4; lastKnownFileType = sourcecode.c.objc; path = NewsBCell.m; sourceTree = "<group>"; };
		D3A677121FB5862600745929 /* NewsBCell.json */ = {isa = PBXFileReference; fileEncoding = 4; lastKnownFileType = text.json; path = NewsBCell.json; sourceTree = "<group>"; };
		D3A677141FB58A6F00745929 /* NewsViewController.h */ = {isa = PBXFileReference; fileEncoding = 4; lastKnownFileType = sourcecode.c.h; path = NewsViewController.h; sourceTree = "<group>"; };
		D3A677151FB58A6F00745929 /* NewsViewController.m */ = {isa = PBXFileReference; fileEncoding = 4; lastKnownFileType = sourcecode.c.objc; path = NewsViewController.m; sourceTree = "<group>"; };
		D3A677171FB58A8000745929 /* NewsViewController.json */ = {isa = PBXFileReference; fileEncoding = 4; lastKnownFileType = text.json; path = NewsViewController.json; sourceTree = "<group>"; };
		D3A6771A1FB5A43300745929 /* NewsModel.h */ = {isa = PBXFileReference; fileEncoding = 4; lastKnownFileType = sourcecode.c.h; path = NewsModel.h; sourceTree = "<group>"; };
		D3A6771B1FB5A43300745929 /* NewsModel.m */ = {isa = PBXFileReference; fileEncoding = 4; lastKnownFileType = sourcecode.c.objc; path = NewsModel.m; sourceTree = "<group>"; };
		D3A6771D1FB5D06200745929 /* RootTableViewCell.h */ = {isa = PBXFileReference; fileEncoding = 4; lastKnownFileType = sourcecode.c.h; path = RootTableViewCell.h; sourceTree = "<group>"; };
		D3A6771E1FB5D06200745929 /* RootTableViewCell.m */ = {isa = PBXFileReference; fileEncoding = 4; lastKnownFileType = sourcecode.c.objc; path = RootTableViewCell.m; sourceTree = "<group>"; };
		D3A677201FB6DE1B00745929 /* RootTableViewCell.json */ = {isa = PBXFileReference; fileEncoding = 4; lastKnownFileType = text.json; path = RootTableViewCell.json; sourceTree = "<group>"; };
		D3A677251FB74D6B00745929 /* PortraitView.h */ = {isa = PBXFileReference; fileEncoding = 4; lastKnownFileType = sourcecode.c.h; path = PortraitView.h; sourceTree = "<group>"; };
		D3A677261FB74D6B00745929 /* PortraitView.m */ = {isa = PBXFileReference; fileEncoding = 4; lastKnownFileType = sourcecode.c.objc; path = PortraitView.m; sourceTree = "<group>"; };
		D3A677281FB74D7C00745929 /* PortraitView.json */ = {isa = PBXFileReference; fileEncoding = 4; lastKnownFileType = text.json; path = PortraitView.json; sourceTree = "<group>"; };
		D3A6772A1FB74F7500745929 /* CustomizedViewController.h */ = {isa = PBXFileReference; fileEncoding = 4; lastKnownFileType = sourcecode.c.h; path = CustomizedViewController.h; sourceTree = "<group>"; };
		D3A6772B1FB74F7500745929 /* CustomizedViewController.m */ = {isa = PBXFileReference; fileEncoding = 4; lastKnownFileType = sourcecode.c.objc; path = CustomizedViewController.m; sourceTree = "<group>"; };
		D3A6772D1FB74F8600745929 /* CustomizedViewController.json */ = {isa = PBXFileReference; fileEncoding = 4; lastKnownFileType = text.json; path = CustomizedViewController.json; sourceTree = "<group>"; };
		D3A6772F1FB7D90B00745929 /* EqualViewController.h */ = {isa = PBXFileReference; fileEncoding = 4; lastKnownFileType = sourcecode.c.h; path = EqualViewController.h; sourceTree = "<group>"; };
		D3A677301FB7D90B00745929 /* EqualViewController.m */ = {isa = PBXFileReference; fileEncoding = 4; lastKnownFileType = sourcecode.c.objc; path = EqualViewController.m; sourceTree = "<group>"; };
		D3A677321FB7D91D00745929 /* EqualViewController.json */ = {isa = PBXFileReference; fileEncoding = 4; lastKnownFileType = text.json; path = EqualViewController.json; sourceTree = "<group>"; };
		D3A677381FB8335200745929 /* QuickVFLUseLib.app */ = {isa = PBXFileReference; explicitFileType = wrapper.application; includeInIndex = 0; path = QuickVFLUseLib.app; sourceTree = BUILT_PRODUCTS_DIR; };
		D3A6773B1FB8335300745929 /* main.m */ = {isa = PBXFileReference; lastKnownFileType = sourcecode.c.objc; path = main.m; sourceTree = "<group>"; };
		D3A6773D1FB8335300745929 /* AppDelegate.h */ = {isa = PBXFileReference; lastKnownFileType = sourcecode.c.h; path = AppDelegate.h; sourceTree = "<group>"; };
		D3A6773E1FB8335300745929 /* AppDelegate.m */ = {isa = PBXFileReference; lastKnownFileType = sourcecode.c.objc; path = AppDelegate.m; sourceTree = "<group>"; };
		D3A677461FB8335300745929 /* Assets.xcassets */ = {isa = PBXFileReference; lastKnownFileType = folder.assetcatalog; path = Assets.xcassets; sourceTree = "<group>"; };
		D3A6774B1FB8335300745929 /* Info.plist */ = {isa = PBXFileReference; lastKnownFileType = text.plist.xml; path = Info.plist; sourceTree = "<group>"; };
		D3A677521FB8352800745929 /* PrefixHeader.pch */ = {isa = PBXFileReference; fileEncoding = 4; lastKnownFileType = sourcecode.c.h; path = PrefixHeader.pch; sourceTree = "<group>"; };
		D3A677761FB8393C00745929 /* PrefixHeader.pch */ = {isa = PBXFileReference; fileEncoding = 4; lastKnownFileType = sourcecode.c.h; path = PrefixHeader.pch; sourceTree = "<group>"; };
		D3FB23D11FBC1EAC007C1870 /* QAutoConfig.h */ = {isa = PBXFileReference; fileEncoding = 4; lastKnownFileType = sourcecode.c.h; path = QAutoConfig.h; sourceTree = "<group>"; };
		D3FB23D21FBC1EAC007C1870 /* QAutoConfig.m */ = {isa = PBXFileReference; fileEncoding = 4; lastKnownFileType = sourcecode.c.objc; path = QAutoConfig.m; sourceTree = "<group>"; };
/* End PBXFileReference section */

/* Begin PBXFrameworksBuildPhase section */
		D3A6766F1FB30E8B00745929 /* Frameworks */ = {
			isa = PBXFrameworksBuildPhase;
			buildActionMask = 2147483647;
			files = (
				D3A676981FB310CD00745929 /* QuickVFL.framework in Frameworks */,
			);
			runOnlyForDeploymentPostprocessing = 0;
		};
		D3A6768D1FB310CD00745929 /* Frameworks */ = {
			isa = PBXFrameworksBuildPhase;
			buildActionMask = 2147483647;
			files = (
			);
			runOnlyForDeploymentPostprocessing = 0;
		};
		D3A677351FB8335200745929 /* Frameworks */ = {
			isa = PBXFrameworksBuildPhase;
			buildActionMask = 2147483647;
			files = (
				D33B40BD1FB975C9002312BE /* QuickVFL.framework in Frameworks */,
			);
			runOnlyForDeploymentPostprocessing = 0;
		};
/* End PBXFrameworksBuildPhase section */

/* Begin PBXGroup section */
		A6D92ACB1FD511CA00B6E090 /* Extern */ = {
			isa = PBXGroup;
			children = (
				A6D92ACE1FD5121600B6E090 /* Masonry */,
			);
			path = Extern;
			sourceTree = "<group>";
		};
		A6D92ACE1FD5121600B6E090 /* Masonry */ = {
			isa = PBXGroup;
			children = (
				A6D92ACF1FD5121600B6E090 /* MASCompositeConstraint.h */,
				A6D92AD01FD5121600B6E090 /* MASCompositeConstraint.m */,
				A6D92AD11FD5121600B6E090 /* MASConstraint+Private.h */,
				A6D92AD21FD5121600B6E090 /* MASConstraint.h */,
				A6D92AD31FD5121600B6E090 /* MASConstraint.m */,
				A6D92AD41FD5121600B6E090 /* MASConstraintMaker.h */,
				A6D92AD51FD5121600B6E090 /* MASConstraintMaker.m */,
				A6D92AD61FD5121600B6E090 /* MASLayoutConstraint.h */,
				A6D92AD71FD5121600B6E090 /* MASLayoutConstraint.m */,
				A6D92AD81FD5121600B6E090 /* Masonry.h */,
				A6D92AD91FD5121600B6E090 /* MASUtilities.h */,
				A6D92ADA1FD5121600B6E090 /* MASViewAttribute.h */,
				A6D92ADB1FD5121600B6E090 /* MASViewAttribute.m */,
				A6D92ADC1FD5121600B6E090 /* MASViewConstraint.h */,
				A6D92ADD1FD5121600B6E090 /* MASViewConstraint.m */,
				A6D92ADE1FD5121600B6E090 /* NSArray+MASAdditions.h */,
				A6D92ADF1FD5121600B6E090 /* NSArray+MASAdditions.m */,
				A6D92AE01FD5121600B6E090 /* NSArray+MASShorthandAdditions.h */,
				A6D92AE11FD5121600B6E090 /* NSLayoutConstraint+MASDebugAdditions.h */,
				A6D92AE21FD5121600B6E090 /* NSLayoutConstraint+MASDebugAdditions.m */,
				A6D92AE31FD5121600B6E090 /* View+MASAdditions.h */,
				A6D92AE41FD5121600B6E090 /* View+MASAdditions.m */,
				A6D92AE51FD5121600B6E090 /* View+MASShorthandAdditions.h */,
				A6D92AE61FD5121600B6E090 /* ViewController+MASAdditions.h */,
				A6D92AE71FD5121600B6E090 /* ViewController+MASAdditions.m */,
			);
			path = Masonry;
			sourceTree = "<group>";
		};
		D3A676691FB30E8B00745929 = {
			isa = PBXGroup;
			children = (
				D3A676741FB30E8B00745929 /* QuickVFL2 */,
				D3A676921FB310CD00745929 /* QuickVFL */,
				D3A677391FB8335300745929 /* QuickVFLUseLib */,
				D3A676731FB30E8B00745929 /* Products */,
			);
			sourceTree = "<group>";
		};
		D3A676731FB30E8B00745929 /* Products */ = {
			isa = PBXGroup;
			children = (
				D3A676721FB30E8B00745929 /* QuickVFL2.app */,
				D3A676911FB310CD00745929 /* QuickVFL.framework */,
				D3A677381FB8335200745929 /* QuickVFLUseLib.app */,
			);
			name = Products;
			sourceTree = "<group>";
		};
		D3A676741FB30E8B00745929 /* QuickVFL2 */ = {
			isa = PBXGroup;
			children = (
				A6D92ACB1FD511CA00B6E090 /* Extern */,
				D3A677191FB5A41500745929 /* Models */,
				D3A676E91FB4588C00745929 /* Resouces */,
				D3A676CD1FB311F900745929 /* ViewControllers */,
				D3A676CE1FB311F900745929 /* Views */,
				D3A676781FB30E8C00745929 /* AppDelegate.h */,
				D3A676791FB30E8C00745929 /* AppDelegate.m */,
				D3A676811FB30E8C00745929 /* Assets.xcassets */,
				D3A676861FB30E8C00745929 /* Info.plist */,
				D3A676751FB30E8B00745929 /* Supporting Files */,
			);
			path = QuickVFL2;
			sourceTree = "<group>";
		};
		D3A676751FB30E8B00745929 /* Supporting Files */ = {
			isa = PBXGroup;
			children = (
				D3A676761FB30E8C00745929 /* main.m */,
				D3A677521FB8352800745929 /* PrefixHeader.pch */,
			);
			name = "Supporting Files";
			sourceTree = "<group>";
		};
		D3A676921FB310CD00745929 /* QuickVFL */ = {
			isa = PBXGroup;
			children = (
				D3FB23D01FBC1E02007C1870 /* Config */,
				D3A6769E1FB3113300745929 /* Exception */,
				D3A676A51FB3113300745929 /* Layout */,
				D3A676AA1FB3113300745929 /* Option */,
				D3A676B11FB3113300745929 /* VFL */,
				D3A676931FB310CD00745929 /* QuickVFL.h */,
				D3A676951FB310CD00745929 /* Info.plist */,
			);
			path = QuickVFL;
			sourceTree = "<group>";
		};
		D3A6769E1FB3113300745929 /* Exception */ = {
			isa = PBXGroup;
			children = (
				D3A6769F1FB3113300745929 /* QException.h */,
				D3A676A01FB3113300745929 /* QException.m */,
				D3A676A11FB3113300745929 /* QLayoutException.h */,
				D3A676A21FB3113300745929 /* QLayoutException.m */,
				D3A676A31FB3113300745929 /* QParseException.h */,
				D3A676A41FB3113300745929 /* QParseException.m */,
			);
			path = Exception;
			sourceTree = "<group>";
		};
		D3A676A51FB3113300745929 /* Layout */ = {
			isa = PBXGroup;
			children = (
				D3A676A61FB3113300745929 /* QLayoutManager.h */,
				D3A676A71FB3113300745929 /* QLayoutManager.m */,
				D3A676A81FB3113300745929 /* QLayoutResult.h */,
				D3A676A91FB3113300745929 /* QLayoutResult.m */,
			);
			path = Layout;
			sourceTree = "<group>";
		};
		D3A676AA1FB3113300745929 /* Option */ = {
			isa = PBXGroup;
			children = (
				D3A676AB1FB3113300745929 /* QEqualOption.h */,
				D3A676AC1FB3113300745929 /* QEqualOption.m */,
				D3A676AD1FB3113300745929 /* QStayShapedOption.h */,
				D3A676AE1FB3113300745929 /* QStayShapedOption.m */,
				D3A676AF1FB3113300745929 /* QViewProperty.h */,
				D3A676B01FB3113300745929 /* QViewProperty.m */,
				D3A677021FB49F6E00745929 /* QAlignOption.h */,
				D3A677031FB49F6E00745929 /* QAlignOption.m */,
				D3A677061FB4A07200745929 /* QOption.h */,
				D3A677071FB4A07200745929 /* QOption.m */,
			);
			path = Option;
			sourceTree = "<group>";
		};
		D3A676B11FB3113300745929 /* VFL */ = {
			isa = PBXGroup;
			children = (
				D3A676B21FB3113300745929 /* UIScrollView+constraint.h */,
				D3A676B31FB3113300745929 /* UIScrollView+constraint.m */,
				D3A676B41FB3113300745929 /* UIView+constraint.h */,
				D3A676B51FB3113300745929 /* UIView+constraint.m */,
				D364C0CA1FCD67920032CDB8 /* NSLayoutConstraint+vfl.h */,
				D364C0CB1FCD67920032CDB8 /* NSLayoutConstraint+vfl.m */,
				D364C0D81FD0F16E0032CDB8 /* QVFLParseResult.h */,
				D364C0D91FD0F16E0032CDB8 /* QVFLParseResult.m */,
			);
			path = VFL;
			sourceTree = "<group>";
		};
		D3A676CD1FB311F900745929 /* ViewControllers */ = {
			isa = PBXGroup;
			children = (
				D3A676FD1FB491BE00745929 /* AlignViewController.h */,
				D3A677001FB491CF00745929 /* AlignViewController.json */,
				D3A676FE1FB491BE00745929 /* AlignViewController.m */,
				D3A676F31FB45CA800745929 /* ComplexScrollViewController.h */,
				D3A676F61FB45CB400745929 /* ComplexScrollViewController.json */,
				D3A676F41FB45CA800745929 /* ComplexScrollViewController.m */,
				D3A676D71FB315AF00745929 /* HomeViewController.h */,
				D3A676DA1FB315DD00745929 /* HomeViewController.json */,
				D3A676D81FB315AF00745929 /* HomeViewController.m */,
				D3A677141FB58A6F00745929 /* NewsViewController.h */,
				D3A677171FB58A8000745929 /* NewsViewController.json */,
				D3A677151FB58A6F00745929 /* NewsViewController.m */,
				D3A676E61FB4545E00745929 /* RootViewController.h */,
				D3A676E71FB4545E00745929 /* RootViewController.m */,
				D3A676EE1FB4591900745929 /* ScrollViewController.h */,
				D3A676F11FB4592C00745929 /* ScrollViewController.json */,
				D3A676EF1FB4591900745929 /* ScrollViewController.m */,
				D3A676DF1FB33E4000745929 /* StayShapeViewController.h */,
				D3A676E41FB33E7C00745929 /* StayShapeViewController.json */,
				D3A676E01FB33E4000745929 /* StayShapeViewController.m */,
				D3A676DC1FB33B3C00745929 /* VisibleViewController.h */,
				D3A676E21FB33E6D00745929 /* VisibleViewController.json */,
				D3A676DD1FB33B3C00745929 /* VisibleViewController.m */,
				D3A6772A1FB74F7500745929 /* CustomizedViewController.h */,
				D3A6772B1FB74F7500745929 /* CustomizedViewController.m */,
				D3A6772D1FB74F8600745929 /* CustomizedViewController.json */,
				D3A6772F1FB7D90B00745929 /* EqualViewController.h */,
				D3A677301FB7D90B00745929 /* EqualViewController.m */,
				D3A677321FB7D91D00745929 /* EqualViewController.json */,
				D364C0BC1FCD060F0032CDB8 /* PerformanceViewController.h */,
				D364C0BD1FCD060F0032CDB8 /* PerformanceViewController.m */,
				D364C0C01FCD069E0032CDB8 /* PerformanceViewController.json */,
			);
			path = ViewControllers;
			sourceTree = "<group>";
		};
		D3A676CE1FB311F900745929 /* Views */ = {
			isa = PBXGroup;
			children = (
				D3A6770A1FB57CC700745929 /* NewsACell.h */,
				D3A6770D1FB57D1000745929 /* NewsACell.json */,
				D3A6770B1FB57CC700745929 /* NewsACell.m */,
				D3A6770F1FB585F800745929 /* NewsBCell.h */,
				D3A677121FB5862600745929 /* NewsBCell.json */,
				D3A677101FB585F800745929 /* NewsBCell.m */,
				D3A676D21FB312DE00745929 /* VCInformationCell.h */,
				D3A676D51FB312EF00745929 /* VCInformationCell.json */,
				D3A676D31FB312DE00745929 /* VCInformationCell.m */,
				D3A6771D1FB5D06200745929 /* RootTableViewCell.h */,
				D3A6771E1FB5D06200745929 /* RootTableViewCell.m */,
				D3A677201FB6DE1B00745929 /* RootTableViewCell.json */,
				D3A677251FB74D6B00745929 /* PortraitView.h */,
				D3A677261FB74D6B00745929 /* PortraitView.m */,
				D3A677281FB74D7C00745929 /* PortraitView.json */,
				D364C0B51FCCFE690032CDB8 /* TravelCardVFL.h */,
				D364C0B61FCCFE690032CDB8 /* TravelCardVFL.m */,
				D364C0B91FCCFE930032CDB8 /* TravelCardVFL.json */,
				D364C0C31FCD35050032CDB8 /* TravelCardXib.h */,
				D364C0C41FCD35050032CDB8 /* TravelCardXib.m */,
				D364C0C71FCD351E0032CDB8 /* TravelCardXib.xib */,
				A6D92AC81FD511BF00B6E090 /* TravelCardMasonry.h */,
				A6D92AC91FD511BF00B6E090 /* TravelCardMasonry.m */,
			);
			path = Views;
			sourceTree = "<group>";
		};
		D3A676E91FB4588C00745929 /* Resouces */ = {
			isa = PBXGroup;
			children = (
				D3A676EA1FB4589900745929 /* image1.jpeg */,
				D3A676EB1FB4589900745929 /* image2.jpeg */,
			);
			path = Resouces;
			sourceTree = "<group>";
		};
		D3A677191FB5A41500745929 /* Models */ = {
			isa = PBXGroup;
			children = (
				D3A6771A1FB5A43300745929 /* NewsModel.h */,
				D3A6771B1FB5A43300745929 /* NewsModel.m */,
			);
			path = Models;
			sourceTree = "<group>";
		};
		D3A677391FB8335300745929 /* QuickVFLUseLib */ = {
			isa = PBXGroup;
			children = (
				D3A6774F1FB8338B00745929 /* Frameworks */,
				D3A6773D1FB8335300745929 /* AppDelegate.h */,
				D3A6773E1FB8335300745929 /* AppDelegate.m */,
				D3A677461FB8335300745929 /* Assets.xcassets */,
				D3A6774B1FB8335300745929 /* Info.plist */,
				D3A6773A1FB8335300745929 /* Supporting Files */,
			);
			path = QuickVFLUseLib;
			sourceTree = "<group>";
		};
		D3A6773A1FB8335300745929 /* Supporting Files */ = {
			isa = PBXGroup;
			children = (
				D3A6773B1FB8335300745929 /* main.m */,
				D3A677761FB8393C00745929 /* PrefixHeader.pch */,
			);
			name = "Supporting Files";
			sourceTree = "<group>";
		};
		D3A6774F1FB8338B00745929 /* Frameworks */ = {
			isa = PBXGroup;
			children = (
				D33B40BC1FB975C9002312BE /* QuickVFL.framework */,
			);
			path = Frameworks;
			sourceTree = "<group>";
		};
		D3FB23D01FBC1E02007C1870 /* Config */ = {
			isa = PBXGroup;
			children = (
				D3FB23D11FBC1EAC007C1870 /* QAutoConfig.h */,
				D3FB23D21FBC1EAC007C1870 /* QAutoConfig.m */,
			);
			path = Config;
			sourceTree = "<group>";
		};
/* End PBXGroup section */

/* Begin PBXHeadersBuildPhase section */
		D3A6768E1FB310CD00745929 /* Headers */ = {
			isa = PBXHeadersBuildPhase;
			buildActionMask = 2147483647;
			files = (
				D3A676B61FB3113300745929 /* QException.h in Headers */,
				D3A676BE1FB3113300745929 /* QLayoutResult.h in Headers */,
				D364C0DA1FD0F16E0032CDB8 /* QVFLParseResult.h in Headers */,
				D3A676C81FB3113300745929 /* UIView+constraint.h in Headers */,
				D3FB23D31FBC1EAC007C1870 /* QAutoConfig.h in Headers */,
				D3A676C61FB3113300745929 /* UIScrollView+constraint.h in Headers */,
				D3A676BC1FB3113300745929 /* QLayoutManager.h in Headers */,
				D364C0CC1FCD67920032CDB8 /* NSLayoutConstraint+vfl.h in Headers */,
				D3A677041FB49F6E00745929 /* QAlignOption.h in Headers */,
				D3A676C41FB3113300745929 /* QViewProperty.h in Headers */,
				D3A676C21FB3113300745929 /* QStayShapedOption.h in Headers */,
				D3A676941FB310CD00745929 /* QuickVFL.h in Headers */,
				D3A676BA1FB3113300745929 /* QParseException.h in Headers */,
				D3A676B81FB3113300745929 /* QLayoutException.h in Headers */,
				D3A677081FB4A07200745929 /* QOption.h in Headers */,
				D3A676C01FB3113300745929 /* QEqualOption.h in Headers */,
			);
			runOnlyForDeploymentPostprocessing = 0;
		};
/* End PBXHeadersBuildPhase section */

/* Begin PBXNativeTarget section */
		D3A676711FB30E8B00745929 /* QuickVFL2 */ = {
			isa = PBXNativeTarget;
			buildConfigurationList = D3A676891FB30E8C00745929 /* Build configuration list for PBXNativeTarget "QuickVFL2" */;
			buildPhases = (
				D3A6766E1FB30E8B00745929 /* Sources */,
				D3A6766F1FB30E8B00745929 /* Frameworks */,
				D3A676701FB30E8B00745929 /* Resources */,
				D3A6769D1FB310CE00745929 /* Embed Frameworks */,
			);
			buildRules = (
			);
			dependencies = (
				D3A676971FB310CD00745929 /* PBXTargetDependency */,
			);
			name = QuickVFL2;
			productName = QuickVFL2;
			productReference = D3A676721FB30E8B00745929 /* QuickVFL2.app */;
			productType = "com.apple.product-type.application";
		};
		D3A676901FB310CD00745929 /* QuickVFL */ = {
			isa = PBXNativeTarget;
			buildConfigurationList = D3A6769A1FB310CE00745929 /* Build configuration list for PBXNativeTarget "QuickVFL" */;
			buildPhases = (
				D3A6768C1FB310CD00745929 /* Sources */,
				D3A6768D1FB310CD00745929 /* Frameworks */,
				D3A6768E1FB310CD00745929 /* Headers */,
				D3A6768F1FB310CD00745929 /* Resources */,
			);
			buildRules = (
			);
			dependencies = (
			);
			name = QuickVFL;
			productName = QuickVFL;
			productReference = D3A676911FB310CD00745929 /* QuickVFL.framework */;
			productType = "com.apple.product-type.framework";
		};
		D3A677371FB8335200745929 /* QuickVFLUseLib */ = {
			isa = PBXNativeTarget;
			buildConfigurationList = D3A6774C1FB8335300745929 /* Build configuration list for PBXNativeTarget "QuickVFLUseLib" */;
			buildPhases = (
				D3A677341FB8335200745929 /* Sources */,
				D3A677351FB8335200745929 /* Frameworks */,
				D3A677361FB8335200745929 /* Resources */,
			);
			buildRules = (
			);
			dependencies = (
			);
			name = QuickVFLUseLib;
			productName = QuickVFLUseLib;
			productReference = D3A677381FB8335200745929 /* QuickVFLUseLib.app */;
			productType = "com.apple.product-type.application";
		};
/* End PBXNativeTarget section */

/* Begin PBXProject section */
		D3A6766A1FB30E8B00745929 /* Project object */ = {
			isa = PBXProject;
			attributes = {
				LastUpgradeCheck = 0730;
				ORGANIZATIONNAME = Quick;
				TargetAttributes = {
					D364C0D31FCE545A0032CDB8 = {
						CreatedOnToolsVersion = 7.3.1;
					};
					D3A676711FB30E8B00745929 = {
						CreatedOnToolsVersion = 7.3.1;
						DevelopmentTeam = 4TF6TS28RE;
					};
					D3A676901FB310CD00745929 = {
						CreatedOnToolsVersion = 7.3.1;
						DevelopmentTeam = 4TF6TS28RE;
					};
					D3A677371FB8335200745929 = {
						CreatedOnToolsVersion = 7.3.1;
						DevelopmentTeam = 4TF6TS28RE;
					};
				};
			};
			buildConfigurationList = D3A6766D1FB30E8B00745929 /* Build configuration list for PBXProject "QuickVFL2" */;
			compatibilityVersion = "Xcode 3.2";
			developmentRegion = English;
			hasScannedForEncodings = 0;
			knownRegions = (
				en,
				Base,
			);
			mainGroup = D3A676691FB30E8B00745929;
			productRefGroup = D3A676731FB30E8B00745929 /* Products */;
			projectDirPath = "";
			projectRoot = "";
			targets = (
				D3A676711FB30E8B00745929 /* QuickVFL2 */,
				D3A676901FB310CD00745929 /* QuickVFL */,
				D3A677371FB8335200745929 /* QuickVFLUseLib */,
				D364C0D31FCE545A0032CDB8 /* BuildFramework */,
			);
		};
/* End PBXProject section */

/* Begin PBXResourcesBuildPhase section */
		D3A676701FB30E8B00745929 /* Resources */ = {
			isa = PBXResourcesBuildPhase;
			buildActionMask = 2147483647;
			files = (
				D3A6770E1FB57D1000745929 /* NewsACell.json in Resources */,
				D3A676F71FB45CB400745929 /* ComplexScrollViewController.json in Resources */,
				D3A676821FB30E8C00745929 /* Assets.xcassets in Resources */,
				D3A677291FB74D7C00745929 /* PortraitView.json in Resources */,
				D3A676ED1FB4589900745929 /* image2.jpeg in Resources */,
				D3A676D61FB312EF00745929 /* VCInformationCell.json in Resources */,
				D3A677331FB7D91D00745929 /* EqualViewController.json in Resources */,
				D364C0BA1FCCFE930032CDB8 /* TravelCardVFL.json in Resources */,
				D3A6772E1FB74F8600745929 /* CustomizedViewController.json in Resources */,
				D364C0C11FCD069E0032CDB8 /* PerformanceViewController.json in Resources */,
				D3A677131FB5862600745929 /* NewsBCell.json in Resources */,
				D3A677181FB58A8000745929 /* NewsViewController.json in Resources */,
				D3A676E51FB33E7C00745929 /* StayShapeViewController.json in Resources */,
				D364C0C81FCD351E0032CDB8 /* TravelCardXib.xib in Resources */,
				D3A676DB1FB315DD00745929 /* HomeViewController.json in Resources */,
				D3A677211FB6DE1B00745929 /* RootTableViewCell.json in Resources */,
				D3A677011FB491CF00745929 /* AlignViewController.json in Resources */,
				D3A676E31FB33E6D00745929 /* VisibleViewController.json in Resources */,
				D3A676EC1FB4589900745929 /* image1.jpeg in Resources */,
				D3A676F21FB4592C00745929 /* ScrollViewController.json in Resources */,
			);
			runOnlyForDeploymentPostprocessing = 0;
		};
		D3A6768F1FB310CD00745929 /* Resources */ = {
			isa = PBXResourcesBuildPhase;
			buildActionMask = 2147483647;
			files = (
			);
			runOnlyForDeploymentPostprocessing = 0;
		};
		D3A677361FB8335200745929 /* Resources */ = {
			isa = PBXResourcesBuildPhase;
			buildActionMask = 2147483647;
			files = (
				D3A677751FB838CC00745929 /* PortraitView.json in Resources */,
				D3A677591FB838B000745929 /* ComplexScrollViewController.json in Resources */,
				D3A6776C1FB838CC00745929 /* NewsACell.json in Resources */,
				D3A677571FB838B000745929 /* AlignViewController.json in Resources */,
				D3A677621FB838B000745929 /* StayShapeViewController.json in Resources */,
				D3A677471FB8335300745929 /* Assets.xcassets in Resources */,
				D3A677731FB838CC00745929 /* RootTableViewCell.json in Resources */,
				D364C0BB1FCCFE930032CDB8 /* TravelCardVFL.json in Resources */,
				D3A6775D1FB838B000745929 /* NewsViewController.json in Resources */,
				D364C0C21FCD069E0032CDB8 /* PerformanceViewController.json in Resources */,
				D3A6775B1FB838B000745929 /* HomeViewController.json in Resources */,
				D3A677701FB838CC00745929 /* VCInformationCell.json in Resources */,
				D3A677601FB838B000745929 /* ScrollViewController.json in Resources */,
				D364C0C91FCD351E0032CDB8 /* TravelCardXib.xib in Resources */,
				D3A6776A1FB838B700745929 /* image1.jpeg in Resources */,
				D3A6776E1FB838CC00745929 /* NewsBCell.json in Resources */,
				D3A6776B1FB838BA00745929 /* image2.jpeg in Resources */,
				D3A677641FB838B000745929 /* VisibleViewController.json in Resources */,
				D3A677671FB838B000745929 /* CustomizedViewController.json in Resources */,
				D3A677691FB838B000745929 /* EqualViewController.json in Resources */,
			);
			runOnlyForDeploymentPostprocessing = 0;
		};
/* End PBXResourcesBuildPhase section */

/* Begin PBXShellScriptBuildPhase section */
		D364C0D71FCE54630032CDB8 /* ShellScript */ = {
			isa = PBXShellScriptBuildPhase;
			buildActionMask = 2147483647;
			files = (
			);
			inputPaths = (
			);
			outputPaths = (
			);
			runOnlyForDeploymentPostprocessing = 0;
			shellPath = /bin/sh;
			shellScript = "FRAMEWORK_NAME=\"QuickVFL\"\nINSTALL_DIR=${SRCROOT}/Products/${FRAMEWORK_NAME}.framework\n\nWORKING_DIR=build\nDEVICE_DIR=${WORKING_DIR}/Release-iphoneos/${FRAMEWORK_NAME}.framework\nSIMULATOR_DIR=${WORKING_DIR}/Debug-iphonesimulator/${FRAMEWORK_NAME}.framework\n\nxcodebuild -configuration \"Release\" -target \"${FRAMEWORK_NAME}\" -sdk iphoneos clean build\nxcodebuild -configuration \"Debug\" -target \"${FRAMEWORK_NAME}\" -sdk iphonesimulator clean build\n\n# Cleaning the oldest.\nif [ -d \"${INSTALL_DIR}\" ];then\n    rm -rf \"${INSTALL_DIR}\"\nfi\n\nmkdir -p \"${INSTALL_DIR}\"\ncp -R \"${DEVICE_DIR}/\" \"${INSTALL_DIR}/\"\n\n# Uses the Lipo Tool to merge both binaryfiles (i386 + armv6/armv7) into one Universal final product.\nlipo -create \"${DEVICE_DIR}/${FRAMEWORK_NAME}\" \"${SIMULATOR_DIR}/${FRAMEWORK_NAME}\" -output \"${INSTALL_DIR}/${FRAMEWORK_NAME}\"\n\n# Display framework information.\necho \"Information for the framework:\"\nlipo -info \"${INSTALL_DIR}/${FRAMEWORK_NAME}\"\n\nrm -r \"${WORKING_DIR}\"\nopen \"${INSTALL_DIR}/..\"";
		};
/* End PBXShellScriptBuildPhase section */

/* Begin PBXSourcesBuildPhase section */
		D3A6766E1FB30E8B00745929 /* Sources */ = {
			isa = PBXSourcesBuildPhase;
			buildActionMask = 2147483647;
			files = (
				D3A676FF1FB491BE00745929 /* AlignViewController.m in Sources */,
				A6D92AE81FD5121600B6E090 /* MASCompositeConstraint.m in Sources */,
				A6D92AF11FD5121600B6E090 /* ViewController+MASAdditions.m in Sources */,
				A6D92AF01FD5121600B6E090 /* View+MASAdditions.m in Sources */,
				D3A6772C1FB74F7500745929 /* CustomizedViewController.m in Sources */,
				D3A677111FB585F800745929 /* NewsBCell.m in Sources */,
				A6D92ACA1FD511BF00B6E090 /* TravelCardMasonry.m in Sources */,
				D3A676DE1FB33B3C00745929 /* VisibleViewController.m in Sources */,
				A6D92AEB1FD5121600B6E090 /* MASLayoutConstraint.m in Sources */,
				A6D92AEE1FD5121600B6E090 /* NSArray+MASAdditions.m in Sources */,
				D364C0C51FCD35050032CDB8 /* TravelCardXib.m in Sources */,
				D3A676E81FB4545E00745929 /* RootViewController.m in Sources */,
				A6D92AE91FD5121600B6E090 /* MASConstraint.m in Sources */,
				D3A6767A1FB30E8C00745929 /* AppDelegate.m in Sources */,
				A6D92AED1FD5121600B6E090 /* MASViewConstraint.m in Sources */,
				D3A676D41FB312DE00745929 /* VCInformationCell.m in Sources */,
				D3A6771C1FB5A43300745929 /* NewsModel.m in Sources */,
				D3A677161FB58A6F00745929 /* NewsViewController.m in Sources */,
				A6D92AEC1FD5121600B6E090 /* MASViewAttribute.m in Sources */,
				D3A6770C1FB57CC700745929 /* NewsACell.m in Sources */,
				D3A677271FB74D6B00745929 /* PortraitView.m in Sources */,
				D364C0BE1FCD060F0032CDB8 /* PerformanceViewController.m in Sources */,
				D364C0B71FCCFE690032CDB8 /* TravelCardVFL.m in Sources */,
				D3A676F51FB45CA800745929 /* ComplexScrollViewController.m in Sources */,
				D3A676771FB30E8C00745929 /* main.m in Sources */,
				A6D92AEF1FD5121600B6E090 /* NSLayoutConstraint+MASDebugAdditions.m in Sources */,
				D3A677311FB7D90B00745929 /* EqualViewController.m in Sources */,
				D3A676D91FB315AF00745929 /* HomeViewController.m in Sources */,
				A6D92AEA1FD5121600B6E090 /* MASConstraintMaker.m in Sources */,
				D3A676E11FB33E4000745929 /* StayShapeViewController.m in Sources */,
				D3A676F01FB4591900745929 /* ScrollViewController.m in Sources */,
				D3A6771F1FB5D06200745929 /* RootTableViewCell.m in Sources */,
			);
			runOnlyForDeploymentPostprocessing = 0;
		};
		D3A6768C1FB310CD00745929 /* Sources */ = {
			isa = PBXSourcesBuildPhase;
			buildActionMask = 2147483647;
			files = (
				D3A676C31FB3113300745929 /* QStayShapedOption.m in Sources */,
				D364C0DB1FD0F16E0032CDB8 /* QVFLParseResult.m in Sources */,
				D3FB23D41FBC1EAC007C1870 /* QAutoConfig.m in Sources */,
				D364C0CD1FCD67920032CDB8 /* NSLayoutConstraint+vfl.m in Sources */,
				D3A676BB1FB3113300745929 /* QParseException.m in Sources */,
				D3A677091FB4A07200745929 /* QOption.m in Sources */,
				D3A676C71FB3113300745929 /* UIScrollView+constraint.m in Sources */,
				D3A677051FB49F6E00745929 /* QAlignOption.m in Sources */,
				D3A676BD1FB3113300745929 /* QLayoutManager.m in Sources */,
				D3A676C51FB3113300745929 /* QViewProperty.m in Sources */,
				D3A676BF1FB3113300745929 /* QLayoutResult.m in Sources */,
				D3A676C11FB3113300745929 /* QEqualOption.m in Sources */,
				D3A676C91FB3113300745929 /* UIView+constraint.m in Sources */,
				D3A676B71FB3113300745929 /* QException.m in Sources */,
				D3A676B91FB3113300745929 /* QLayoutException.m in Sources */,
			);
			runOnlyForDeploymentPostprocessing = 0;
		};
		D3A677341FB8335200745929 /* Sources */ = {
			isa = PBXSourcesBuildPhase;
			buildActionMask = 2147483647;
			files = (
				D3A6775A1FB838B000745929 /* ComplexScrollViewController.m in Sources */,
				D3A677681FB838B000745929 /* EqualViewController.m in Sources */,
				D3A677721FB838CC00745929 /* RootTableViewCell.m in Sources */,
				D3A677741FB838CC00745929 /* PortraitView.m in Sources */,
				D364C0C61FCD35050032CDB8 /* TravelCardXib.m in Sources */,
				D3A6773F1FB8335300745929 /* AppDelegate.m in Sources */,
				D3A6775F1FB838B000745929 /* RootViewController.m in Sources */,
				D3A677651FB838B000745929 /* VisibleViewController.m in Sources */,
				D3A677611FB838B000745929 /* ScrollViewController.m in Sources */,
				D3A677561FB8388A00745929 /* NewsModel.m in Sources */,
				D3A677581FB838B000745929 /* AlignViewController.m in Sources */,
				D3A677661FB838B000745929 /* CustomizedViewController.m in Sources */,
				D364C0BF1FCD060F0032CDB8 /* PerformanceViewController.m in Sources */,
				D364C0B81FCCFE690032CDB8 /* TravelCardVFL.m in Sources */,
				D3A6773C1FB8335300745929 /* main.m in Sources */,
				D3A6776F1FB838CC00745929 /* NewsBCell.m in Sources */,
				D3A6776D1FB838CC00745929 /* NewsACell.m in Sources */,
				D3A677631FB838B000745929 /* StayShapeViewController.m in Sources */,
				D3A677711FB838CC00745929 /* VCInformationCell.m in Sources */,
				D3A6775C1FB838B000745929 /* HomeViewController.m in Sources */,
				D3A6775E1FB838B000745929 /* NewsViewController.m in Sources */,
			);
			runOnlyForDeploymentPostprocessing = 0;
		};
/* End PBXSourcesBuildPhase section */

/* Begin PBXTargetDependency section */
		D3A676971FB310CD00745929 /* PBXTargetDependency */ = {
			isa = PBXTargetDependency;
			target = D3A676901FB310CD00745929 /* QuickVFL */;
			targetProxy = D3A676961FB310CD00745929 /* PBXContainerItemProxy */;
		};
/* End PBXTargetDependency section */

/* Begin XCBuildConfiguration section */
		D364C0D41FCE545A0032CDB8 /* Debug */ = {
			isa = XCBuildConfiguration;
			buildSettings = {
				PRODUCT_NAME = "$(TARGET_NAME)";
			};
			name = Debug;
		};
		D364C0D51FCE545A0032CDB8 /* Release */ = {
			isa = XCBuildConfiguration;
			buildSettings = {
				PRODUCT_NAME = "$(TARGET_NAME)";
			};
			name = Release;
		};
		D3A676871FB30E8C00745929 /* Debug */ = {
			isa = XCBuildConfiguration;
			buildSettings = {
				ALWAYS_SEARCH_USER_PATHS = NO;
				CLANG_ANALYZER_NONNULL = YES;
				CLANG_CXX_LANGUAGE_STANDARD = "gnu++0x";
				CLANG_CXX_LIBRARY = "libc++";
				CLANG_ENABLE_MODULES = YES;
				CLANG_ENABLE_OBJC_ARC = YES;
				CLANG_WARN_BOOL_CONVERSION = YES;
				CLANG_WARN_CONSTANT_CONVERSION = YES;
				CLANG_WARN_DIRECT_OBJC_ISA_USAGE = YES_ERROR;
				CLANG_WARN_EMPTY_BODY = YES;
				CLANG_WARN_ENUM_CONVERSION = YES;
				CLANG_WARN_INT_CONVERSION = YES;
				CLANG_WARN_OBJC_ROOT_CLASS = YES_ERROR;
				CLANG_WARN_UNREACHABLE_CODE = YES;
				CLANG_WARN__DUPLICATE_METHOD_MATCH = YES;
				"CODE_SIGN_IDENTITY[sdk=iphoneos*]" = "iPhone Developer";
				COPY_PHASE_STRIP = NO;
				DEBUG_INFORMATION_FORMAT = dwarf;
				ENABLE_STRICT_OBJC_MSGSEND = YES;
				ENABLE_TESTABILITY = YES;
				GCC_C_LANGUAGE_STANDARD = gnu99;
				GCC_DYNAMIC_NO_PIC = NO;
				GCC_NO_COMMON_BLOCKS = YES;
				GCC_OPTIMIZATION_LEVEL = 0;
				GCC_PREPROCESSOR_DEFINITIONS = (
					"DEBUG=1",
					"$(inherited)",
				);
				GCC_WARN_64_TO_32_BIT_CONVERSION = YES;
				GCC_WARN_ABOUT_RETURN_TYPE = YES_ERROR;
				GCC_WARN_UNDECLARED_SELECTOR = YES;
				GCC_WARN_UNINITIALIZED_AUTOS = YES_AGGRESSIVE;
				GCC_WARN_UNUSED_FUNCTION = YES;
				GCC_WARN_UNUSED_VARIABLE = YES;
				IPHONEOS_DEPLOYMENT_TARGET = 9.3;
				MTL_ENABLE_DEBUG_INFO = YES;
				ONLY_ACTIVE_ARCH = YES;
				SDKROOT = iphoneos;
				TARGETED_DEVICE_FAMILY = "1,2";
			};
			name = Debug;
		};
		D3A676881FB30E8C00745929 /* Release */ = {
			isa = XCBuildConfiguration;
			buildSettings = {
				ALWAYS_SEARCH_USER_PATHS = NO;
				CLANG_ANALYZER_NONNULL = YES;
				CLANG_CXX_LANGUAGE_STANDARD = "gnu++0x";
				CLANG_CXX_LIBRARY = "libc++";
				CLANG_ENABLE_MODULES = YES;
				CLANG_ENABLE_OBJC_ARC = YES;
				CLANG_WARN_BOOL_CONVERSION = YES;
				CLANG_WARN_CONSTANT_CONVERSION = YES;
				CLANG_WARN_DIRECT_OBJC_ISA_USAGE = YES_ERROR;
				CLANG_WARN_EMPTY_BODY = YES;
				CLANG_WARN_ENUM_CONVERSION = YES;
				CLANG_WARN_INT_CONVERSION = YES;
				CLANG_WARN_OBJC_ROOT_CLASS = YES_ERROR;
				CLANG_WARN_UNREACHABLE_CODE = YES;
				CLANG_WARN__DUPLICATE_METHOD_MATCH = YES;
				"CODE_SIGN_IDENTITY[sdk=iphoneos*]" = "iPhone Developer";
				COPY_PHASE_STRIP = NO;
				DEBUG_INFORMATION_FORMAT = "dwarf-with-dsym";
				ENABLE_NS_ASSERTIONS = NO;
				ENABLE_STRICT_OBJC_MSGSEND = YES;
				GCC_C_LANGUAGE_STANDARD = gnu99;
				GCC_NO_COMMON_BLOCKS = YES;
				GCC_WARN_64_TO_32_BIT_CONVERSION = YES;
				GCC_WARN_ABOUT_RETURN_TYPE = YES_ERROR;
				GCC_WARN_UNDECLARED_SELECTOR = YES;
				GCC_WARN_UNINITIALIZED_AUTOS = YES_AGGRESSIVE;
				GCC_WARN_UNUSED_FUNCTION = YES;
				GCC_WARN_UNUSED_VARIABLE = YES;
				IPHONEOS_DEPLOYMENT_TARGET = 9.3;
				MTL_ENABLE_DEBUG_INFO = NO;
				SDKROOT = iphoneos;
				TARGETED_DEVICE_FAMILY = "1,2";
				VALIDATE_PRODUCT = YES;
			};
			name = Release;
		};
		D3A6768A1FB30E8C00745929 /* Debug */ = {
			isa = XCBuildConfiguration;
			buildSettings = {
				ASSETCATALOG_COMPILER_APPICON_NAME = AppIcon;
				CODE_SIGN_IDENTITY = "iPhone Developer";
				"CODE_SIGN_IDENTITY[sdk=iphoneos*]" = "iPhone Developer";
				GCC_PREFIX_HEADER = QuickVFL2/PrefixHeader.pch;
				INFOPLIST_FILE = QuickVFL2/Info.plist;
				IPHONEOS_DEPLOYMENT_TARGET = 8.0;
				LD_RUNPATH_SEARCH_PATHS = "$(inherited) @executable_path/Frameworks";
				OTHER_LDFLAGS = "-ObjC";
				PRODUCT_BUNDLE_IDENTIFIER = org.quick.QuickVFL2;
				PRODUCT_NAME = "$(TARGET_NAME)";
				PROVISIONING_PROFILE = "";
			};
			name = Debug;
		};
		D3A6768B1FB30E8C00745929 /* Release */ = {
			isa = XCBuildConfiguration;
			buildSettings = {
				ASSETCATALOG_COMPILER_APPICON_NAME = AppIcon;
				CODE_SIGN_IDENTITY = "iPhone Developer";
				"CODE_SIGN_IDENTITY[sdk=iphoneos*]" = "iPhone Developer";
				GCC_PREFIX_HEADER = QuickVFL2/PrefixHeader.pch;
				INFOPLIST_FILE = QuickVFL2/Info.plist;
				IPHONEOS_DEPLOYMENT_TARGET = 8.0;
				LD_RUNPATH_SEARCH_PATHS = "$(inherited) @executable_path/Frameworks";
				OTHER_LDFLAGS = "-ObjC";
				PRODUCT_BUNDLE_IDENTIFIER = org.quick.QuickVFL2;
				PRODUCT_NAME = "$(TARGET_NAME)";
				PROVISIONING_PROFILE = "";
			};
			name = Release;
		};
		D3A6769B1FB310CE00745929 /* Debug */ = {
			isa = XCBuildConfiguration;
			buildSettings = {
				ARCHS = "$(ARCHS_STANDARD)";
				CODE_SIGN_IDENTITY = "iPhone Developer";
				"CODE_SIGN_IDENTITY[sdk=iphoneos*]" = "iPhone Developer";
				CURRENT_PROJECT_VERSION = 1;
				DEFINES_MODULE = YES;
				DYLIB_COMPATIBILITY_VERSION = 1;
				DYLIB_CURRENT_VERSION = 1;
				DYLIB_INSTALL_NAME_BASE = "@rpath";
				INFOPLIST_FILE = QuickVFL/Info.plist;
				INSTALL_PATH = "$(LOCAL_LIBRARY_DIR)/Frameworks";
				IPHONEOS_DEPLOYMENT_TARGET = 8.0;
				LD_RUNPATH_SEARCH_PATHS = "$(inherited) @executable_path/Frameworks @loader_path/Frameworks";
				MACH_O_TYPE = staticlib;
				ONLY_ACTIVE_ARCH = NO;
				PRODUCT_BUNDLE_IDENTIFIER = org.quick.QuickVFL;
				PRODUCT_NAME = "$(TARGET_NAME)";
				PROVISIONING_PROFILE = "";
				SKIP_INSTALL = YES;
				STRIP_INSTALLED_PRODUCT = NO;
				VERSIONING_SYSTEM = "apple-generic";
				VERSION_INFO_PREFIX = "";
			};
			name = Debug;
		};
		D3A6769C1FB310CE00745929 /* Release */ = {
			isa = XCBuildConfiguration;
			buildSettings = {
				ARCHS = "$(ARCHS_STANDARD)";
				CODE_SIGN_IDENTITY = "iPhone Developer";
				"CODE_SIGN_IDENTITY[sdk=iphoneos*]" = "iPhone Developer";
				COPY_PHASE_STRIP = NO;
				CURRENT_PROJECT_VERSION = 1;
				DEBUG_INFORMATION_FORMAT = dwarf;
				DEFINES_MODULE = YES;
				DYLIB_COMPATIBILITY_VERSION = 1;
				DYLIB_CURRENT_VERSION = 1;
				DYLIB_INSTALL_NAME_BASE = "@rpath";
				INFOPLIST_FILE = QuickVFL/Info.plist;
				INSTALL_PATH = "$(LOCAL_LIBRARY_DIR)/Frameworks";
				IPHONEOS_DEPLOYMENT_TARGET = 8.0;
				LD_RUNPATH_SEARCH_PATHS = "$(inherited) @executable_path/Frameworks @loader_path/Frameworks";
				MACH_O_TYPE = staticlib;
				PRODUCT_BUNDLE_IDENTIFIER = org.quick.QuickVFL;
				PRODUCT_NAME = "$(TARGET_NAME)";
				PROVISIONING_PROFILE = "";
				SKIP_INSTALL = YES;
				STRIP_INSTALLED_PRODUCT = NO;
				VERSIONING_SYSTEM = "apple-generic";
				VERSION_INFO_PREFIX = "";
			};
			name = Release;
		};
		D3A6774D1FB8335300745929 /* Debug */ = {
			isa = XCBuildConfiguration;
			buildSettings = {
				ASSETCATALOG_COMPILER_APPICON_NAME = AppIcon;
				CODE_SIGN_IDENTITY = "iPhone Developer";
				"CODE_SIGN_IDENTITY[sdk=iphoneos*]" = "iPhone Developer";
				FRAMEWORK_SEARCH_PATHS = (
					"$(inherited)",
					"$(PROJECT_DIR)/QuickVFLUseLib/Frameworks",
				);
				GCC_PREFIX_HEADER = QuickVFLUseLib/PrefixHeader.pch;
				INFOPLIST_FILE = QuickVFLUseLib/Info.plist;
				IPHONEOS_DEPLOYMENT_TARGET = 8.0;
				LD_RUNPATH_SEARCH_PATHS = "$(inherited) @executable_path/Frameworks";
				OTHER_LDFLAGS = "-ObjC";
				PRODUCT_BUNDLE_IDENTIFIER = org.quick.QuickVFLUseLib;
				PRODUCT_NAME = "$(TARGET_NAME)";
				PROVISIONING_PROFILE = "";
			};
			name = Debug;
		};
		D3A6774E1FB8335300745929 /* Release */ = {
			isa = XCBuildConfiguration;
			buildSettings = {
				ASSETCATALOG_COMPILER_APPICON_NAME = AppIcon;
				CODE_SIGN_IDENTITY = "iPhone Developer";
				"CODE_SIGN_IDENTITY[sdk=iphoneos*]" = "iPhone Developer";
				FRAMEWORK_SEARCH_PATHS = (
					"$(inherited)",
					"$(PROJECT_DIR)/QuickVFLUseLib/Frameworks",
				);
				GCC_PREFIX_HEADER = QuickVFLUseLib/PrefixHeader.pch;
				INFOPLIST_FILE = QuickVFLUseLib/Info.plist;
				IPHONEOS_DEPLOYMENT_TARGET = 8.0;
				LD_RUNPATH_SEARCH_PATHS = "$(inherited) @executable_path/Frameworks";
				OTHER_LDFLAGS = "-ObjC";
				PRODUCT_BUNDLE_IDENTIFIER = org.quick.QuickVFLUseLib;
				PRODUCT_NAME = "$(TARGET_NAME)";
				PROVISIONING_PROFILE = "";
			};
			name = Release;
		};
/* End XCBuildConfiguration section */

/* Begin XCConfigurationList section */
		D364C0D61FCE545A0032CDB8 /* Build configuration list for PBXAggregateTarget "BuildFramework" */ = {
			isa = XCConfigurationList;
			buildConfigurations = (
				D364C0D41FCE545A0032CDB8 /* Debug */,
				D364C0D51FCE545A0032CDB8 /* Release */,
			);
			defaultConfigurationIsVisible = 0;
			defaultConfigurationName = Release;
		};
		D3A6766D1FB30E8B00745929 /* Build configuration list for PBXProject "QuickVFL2" */ = {
			isa = XCConfigurationList;
			buildConfigurations = (
				D3A676871FB30E8C00745929 /* Debug */,
				D3A676881FB30E8C00745929 /* Release */,
			);
			defaultConfigurationIsVisible = 0;
			defaultConfigurationName = Release;
		};
		D3A676891FB30E8C00745929 /* Build configuration list for PBXNativeTarget "QuickVFL2" */ = {
			isa = XCConfigurationList;
			buildConfigurations = (
				D3A6768A1FB30E8C00745929 /* Debug */,
				D3A6768B1FB30E8C00745929 /* Release */,
			);
			defaultConfigurationIsVisible = 0;
			defaultConfigurationName = Release;
		};
		D3A6769A1FB310CE00745929 /* Build configuration list for PBXNativeTarget "QuickVFL" */ = {
			isa = XCConfigurationList;
			buildConfigurations = (
				D3A6769B1FB310CE00745929 /* Debug */,
				D3A6769C1FB310CE00745929 /* Release */,
			);
			defaultConfigurationIsVisible = 0;
			defaultConfigurationName = Release;
		};
		D3A6774C1FB8335300745929 /* Build configuration list for PBXNativeTarget "QuickVFLUseLib" */ = {
			isa = XCConfigurationList;
			buildConfigurations = (
				D3A6774D1FB8335300745929 /* Debug */,
				D3A6774E1FB8335300745929 /* Release */,
			);
			defaultConfigurationIsVisible = 0;
			defaultConfigurationName = Release;
		};
/* End XCConfigurationList section */
	};
	rootObject = D3A6766A1FB30E8B00745929 /* Project object */;
}
